// !$*UTF8*$!
{
	archiveVersion = 1;
	classes = {
	};
	objectVersion = 50;
	objects = {

/* Begin PBXBuildFile section */
		010B335E22DECCB0000CF058 /* Transactions.storyboard in Resources */ = {isa = PBXBuildFile; fileRef = 010B335C22DECCB0000CF058 /* Transactions.storyboard */; };
		010B336022DECD10000CF058 /* Add.storyboard in Resources */ = {isa = PBXBuildFile; fileRef = 010B335F22DECD10000CF058 /* Add.storyboard */; };
		010B336322DECD37000CF058 /* Profile.storyboard in Resources */ = {isa = PBXBuildFile; fileRef = 010B336122DECD37000CF058 /* Profile.storyboard */; };
		010B336522DECD6D000CF058 /* Statistics.storyboard in Resources */ = {isa = PBXBuildFile; fileRef = 010B336422DECD6D000CF058 /* Statistics.storyboard */; };
		010B336822DECD8F000CF058 /* Budget.storyboard in Resources */ = {isa = PBXBuildFile; fileRef = 010B336622DECD8F000CF058 /* Budget.storyboard */; };
		4510DCB122DFC86700483D1C /* Shadow.swift in Sources */ = {isa = PBXBuildFile; fileRef = 4510DCB022DFC86700483D1C /* Shadow.swift */; };
		45310EB522DE704500EA215C /* AppDelegate.swift in Sources */ = {isa = PBXBuildFile; fileRef = 45310EB422DE704500EA215C /* AppDelegate.swift */; };
		45310EB722DE704500EA215C /* ViewController.swift in Sources */ = {isa = PBXBuildFile; fileRef = 45310EB622DE704500EA215C /* ViewController.swift */; };
		45310EBA22DE704500EA215C /* Main.storyboard in Resources */ = {isa = PBXBuildFile; fileRef = 45310EB822DE704500EA215C /* Main.storyboard */; };
		45310EBC22DE704700EA215C /* Assets.xcassets in Resources */ = {isa = PBXBuildFile; fileRef = 45310EBB22DE704700EA215C /* Assets.xcassets */; };
		45310EBF22DE704700EA215C /* LaunchScreen.storyboard in Resources */ = {isa = PBXBuildFile; fileRef = 45310EBD22DE704700EA215C /* LaunchScreen.storyboard */; };
		45310ECA22DE704700EA215C /* finanzasTests.swift in Sources */ = {isa = PBXBuildFile; fileRef = 45310EC922DE704700EA215C /* finanzasTests.swift */; };
		45310ED522DE704700EA215C /* finanzasUITests.swift in Sources */ = {isa = PBXBuildFile; fileRef = 45310ED422DE704700EA215C /* finanzasUITests.swift */; };
		45334BA222DFB12F0048BB86 /* SignIn.storyboard in Resources */ = {isa = PBXBuildFile; fileRef = 45334BA122DFB12F0048BB86 /* SignIn.storyboard */; };
		45334BA622DFBBE70048BB86 /* Colors.xcassets in Resources */ = {isa = PBXBuildFile; fileRef = 45334BA522DFBBE70048BB86 /* Colors.xcassets */; };
/* End PBXBuildFile section */

/* Begin PBXContainerItemProxy section */
		45310EC622DE704700EA215C /* PBXContainerItemProxy */ = {
			isa = PBXContainerItemProxy;
			containerPortal = 45310EA922DE704500EA215C /* Project object */;
			proxyType = 1;
			remoteGlobalIDString = 45310EB022DE704500EA215C;
			remoteInfo = finanzas;
		};
		45310ED122DE704700EA215C /* PBXContainerItemProxy */ = {
			isa = PBXContainerItemProxy;
			containerPortal = 45310EA922DE704500EA215C /* Project object */;
			proxyType = 1;
			remoteGlobalIDString = 45310EB022DE704500EA215C;
			remoteInfo = finanzas;
		};
/* End PBXContainerItemProxy section */

/* Begin PBXFileReference section */
		010B335D22DECCB0000CF058 /* Base */ = {isa = PBXFileReference; lastKnownFileType = file.storyboard; name = Base; path = finanzas/Base.lproj/Transactions.storyboard; sourceTree = "<group>"; };
		010B335F22DECD10000CF058 /* Add.storyboard */ = {isa = PBXFileReference; fileEncoding = 4; lastKnownFileType = file.storyboard; path = Add.storyboard; sourceTree = "<group>"; };
		010B336222DECD37000CF058 /* Base */ = {isa = PBXFileReference; lastKnownFileType = file.storyboard; name = Base; path = finanzas/Base.lproj/Profile.storyboard; sourceTree = "<group>"; };
		010B336422DECD6D000CF058 /* Statistics.storyboard */ = {isa = PBXFileReference; fileEncoding = 4; lastKnownFileType = file.storyboard; path = Statistics.storyboard; sourceTree = "<group>"; };
		010B336722DECD8F000CF058 /* Base */ = {isa = PBXFileReference; lastKnownFileType = file.storyboard; name = Base; path = finanzas/Base.lproj/Budget.storyboard; sourceTree = "<group>"; };
		4510DCB022DFC86700483D1C /* Shadow.swift */ = {isa = PBXFileReference; lastKnownFileType = sourcecode.swift; path = Shadow.swift; sourceTree = "<group>"; };
		45310EB122DE704500EA215C /* finanzas.app */ = {isa = PBXFileReference; explicitFileType = wrapper.application; includeInIndex = 0; path = finanzas.app; sourceTree = BUILT_PRODUCTS_DIR; };
		45310EB422DE704500EA215C /* AppDelegate.swift */ = {isa = PBXFileReference; lastKnownFileType = sourcecode.swift; path = AppDelegate.swift; sourceTree = "<group>"; };
		45310EB622DE704500EA215C /* ViewController.swift */ = {isa = PBXFileReference; lastKnownFileType = sourcecode.swift; path = ViewController.swift; sourceTree = "<group>"; };
		45310EB922DE704500EA215C /* Base */ = {isa = PBXFileReference; lastKnownFileType = file.storyboard; name = Base; path = Base.lproj/Main.storyboard; sourceTree = "<group>"; };
		45310EBB22DE704700EA215C /* Assets.xcassets */ = {isa = PBXFileReference; lastKnownFileType = folder.assetcatalog; path = Assets.xcassets; sourceTree = "<group>"; };
		45310EBE22DE704700EA215C /* Base */ = {isa = PBXFileReference; lastKnownFileType = file.storyboard; name = Base; path = Base.lproj/LaunchScreen.storyboard; sourceTree = "<group>"; };
		45310EC022DE704700EA215C /* Info.plist */ = {isa = PBXFileReference; lastKnownFileType = text.plist.xml; path = Info.plist; sourceTree = "<group>"; };
		45310EC522DE704700EA215C /* finanzasTests.xctest */ = {isa = PBXFileReference; explicitFileType = wrapper.cfbundle; includeInIndex = 0; path = finanzasTests.xctest; sourceTree = BUILT_PRODUCTS_DIR; };
		45310EC922DE704700EA215C /* finanzasTests.swift */ = {isa = PBXFileReference; lastKnownFileType = sourcecode.swift; path = finanzasTests.swift; sourceTree = "<group>"; };
		45310ECB22DE704700EA215C /* Info.plist */ = {isa = PBXFileReference; lastKnownFileType = text.plist.xml; path = Info.plist; sourceTree = "<group>"; };
		45310ED022DE704700EA215C /* finanzasUITests.xctest */ = {isa = PBXFileReference; explicitFileType = wrapper.cfbundle; includeInIndex = 0; path = finanzasUITests.xctest; sourceTree = BUILT_PRODUCTS_DIR; };
		45310ED422DE704700EA215C /* finanzasUITests.swift */ = {isa = PBXFileReference; lastKnownFileType = sourcecode.swift; path = finanzasUITests.swift; sourceTree = "<group>"; };
		45310ED622DE704700EA215C /* Info.plist */ = {isa = PBXFileReference; lastKnownFileType = text.plist.xml; path = Info.plist; sourceTree = "<group>"; };
		45334BA122DFB12F0048BB86 /* SignIn.storyboard */ = {isa = PBXFileReference; lastKnownFileType = file.storyboard; path = SignIn.storyboard; sourceTree = "<group>"; };
		45334BA522DFBBE70048BB86 /* Colors.xcassets */ = {isa = PBXFileReference; lastKnownFileType = folder.assetcatalog; path = Colors.xcassets; sourceTree = "<group>"; };
/* End PBXFileReference section */

/* Begin PBXFrameworksBuildPhase section */
		45310EAE22DE704500EA215C /* Frameworks */ = {
			isa = PBXFrameworksBuildPhase;
			buildActionMask = 2147483647;
			files = (
			);
			runOnlyForDeploymentPostprocessing = 0;
		};
		45310EC222DE704700EA215C /* Frameworks */ = {
			isa = PBXFrameworksBuildPhase;
			buildActionMask = 2147483647;
			files = (
			);
			runOnlyForDeploymentPostprocessing = 0;
		};
		45310ECD22DE704700EA215C /* Frameworks */ = {
			isa = PBXFrameworksBuildPhase;
			buildActionMask = 2147483647;
			files = (
			);
			runOnlyForDeploymentPostprocessing = 0;
		};
/* End PBXFrameworksBuildPhase section */

/* Begin PBXGroup section */
		010B335822DECC1C000CF058 /* Add */ = {
			isa = PBXGroup;
			children = (
				010B335F22DECD10000CF058 /* Add.storyboard */,
			);
			path = Add;
			sourceTree = "<group>";
		};
		010B335922DECC2F000CF058 /* Statistics */ = {
			isa = PBXGroup;
			children = (
				010B336422DECD6D000CF058 /* Statistics.storyboard */,
			);
			path = Statistics;
			sourceTree = "<group>";
		};
		010B335A22DECC4B000CF058 /* Budget */ = {
			isa = PBXGroup;
			children = (
				010B336622DECD8F000CF058 /* Budget.storyboard */,
			);
			path = Budget;
			sourceTree = "<group>";
		};
		010B335B22DECC56000CF058 /* Profile */ = {
			isa = PBXGroup;
			children = (
				010B336122DECD37000CF058 /* Profile.storyboard */,
			);
			path = Profile;
			sourceTree = "<group>";
		};
		01D5A78322DECB3000154CFD /* Transactions */ = {
			isa = PBXGroup;
			children = (
				010B335C22DECCB0000CF058 /* Transactions.storyboard */,
			);
			path = Transactions;
			sourceTree = "<group>";
		};
		45310EA822DE704500EA215C = {
			isa = PBXGroup;
			children = (
				45310EB322DE704500EA215C /* finanzas */,
				45310EC822DE704700EA215C /* finanzasTests */,
				45310ED322DE704700EA215C /* finanzasUITests */,
				45310EB222DE704500EA215C /* Products */,
			);
			sourceTree = "<group>";
		};
		45310EB222DE704500EA215C /* Products */ = {
			isa = PBXGroup;
			children = (
				45310EB122DE704500EA215C /* finanzas.app */,
				45310EC522DE704700EA215C /* finanzasTests.xctest */,
				45310ED022DE704700EA215C /* finanzasUITests.xctest */,
			);
			name = Products;
			sourceTree = "<group>";
		};
		45310EB322DE704500EA215C /* finanzas */ = {
			isa = PBXGroup;
			children = (
				45334BA722DFC5EC0048BB86 /* Extensions */,
				45334BA322DFBBC50048BB86 /* Resources */,
				010B335B22DECC56000CF058 /* Profile */,
				010B335A22DECC4B000CF058 /* Budget */,
				010B335922DECC2F000CF058 /* Statistics */,
				010B335822DECC1C000CF058 /* Add */,
				01D5A78322DECB3000154CFD /* Transactions */,
				45334BA022DFB0DF0048BB86 /* SignIn */,
				45310EB422DE704500EA215C /* AppDelegate.swift */,
				45310EB622DE704500EA215C /* ViewController.swift */,
				45310EB822DE704500EA215C /* Main.storyboard */,
				45310EBB22DE704700EA215C /* Assets.xcassets */,
				45310EBD22DE704700EA215C /* LaunchScreen.storyboard */,
				45310EC022DE704700EA215C /* Info.plist */,
			);
			path = finanzas;
			sourceTree = "<group>";
		};
		45310EC822DE704700EA215C /* finanzasTests */ = {
			isa = PBXGroup;
			children = (
				45310EC922DE704700EA215C /* finanzasTests.swift */,
				45310ECB22DE704700EA215C /* Info.plist */,
			);
			path = finanzasTests;
			sourceTree = "<group>";
		};
		45310ED322DE704700EA215C /* finanzasUITests */ = {
			isa = PBXGroup;
			children = (
				45310ED422DE704700EA215C /* finanzasUITests.swift */,
				45310ED622DE704700EA215C /* Info.plist */,
			);
			path = finanzasUITests;
			sourceTree = "<group>";
		};
		45334BA022DFB0DF0048BB86 /* SignIn */ = {
			isa = PBXGroup;
			children = (
				45334BA122DFB12F0048BB86 /* SignIn.storyboard */,
			);
			path = SignIn;
			sourceTree = "<group>";
		};
		45334BA322DFBBC50048BB86 /* Resources */ = {
			isa = PBXGroup;
			children = (
				45334BA422DFBBD20048BB86 /* Colors */,
			);
			path = Resources;
			sourceTree = "<group>";
		};
		45334BA422DFBBD20048BB86 /* Colors */ = {
			isa = PBXGroup;
			children = (
				45334BA522DFBBE70048BB86 /* Colors.xcassets */,
			);
			path = Colors;
			sourceTree = "<group>";
		};
		45334BA722DFC5EC0048BB86 /* Extensions */ = {
			isa = PBXGroup;
			children = (
				4510DCB022DFC86700483D1C /* Shadow.swift */,
			);
			path = Extensions;
			sourceTree = "<group>";
		};
/* End PBXGroup section */

/* Begin PBXNativeTarget section */
		45310EB022DE704500EA215C /* finanzas */ = {
			isa = PBXNativeTarget;
			buildConfigurationList = 45310ED922DE704700EA215C /* Build configuration list for PBXNativeTarget "finanzas" */;
			buildPhases = (
				45310EAD22DE704500EA215C /* Sources */,
				45310EAE22DE704500EA215C /* Frameworks */,
				45310EAF22DE704500EA215C /* Resources */,
			);
			buildRules = (
			);
			dependencies = (
			);
			name = finanzas;
			productName = finanzas;
			productReference = 45310EB122DE704500EA215C /* finanzas.app */;
			productType = "com.apple.product-type.application";
		};
		45310EC422DE704700EA215C /* finanzasTests */ = {
			isa = PBXNativeTarget;
			buildConfigurationList = 45310EDC22DE704700EA215C /* Build configuration list for PBXNativeTarget "finanzasTests" */;
			buildPhases = (
				45310EC122DE704700EA215C /* Sources */,
				45310EC222DE704700EA215C /* Frameworks */,
				45310EC322DE704700EA215C /* Resources */,
			);
			buildRules = (
			);
			dependencies = (
				45310EC722DE704700EA215C /* PBXTargetDependency */,
			);
			name = finanzasTests;
			productName = finanzasTests;
			productReference = 45310EC522DE704700EA215C /* finanzasTests.xctest */;
			productType = "com.apple.product-type.bundle.unit-test";
		};
		45310ECF22DE704700EA215C /* finanzasUITests */ = {
			isa = PBXNativeTarget;
			buildConfigurationList = 45310EDF22DE704700EA215C /* Build configuration list for PBXNativeTarget "finanzasUITests" */;
			buildPhases = (
				45310ECC22DE704700EA215C /* Sources */,
				45310ECD22DE704700EA215C /* Frameworks */,
				45310ECE22DE704700EA215C /* Resources */,
			);
			buildRules = (
			);
			dependencies = (
				45310ED222DE704700EA215C /* PBXTargetDependency */,
			);
			name = finanzasUITests;
			productName = finanzasUITests;
			productReference = 45310ED022DE704700EA215C /* finanzasUITests.xctest */;
			productType = "com.apple.product-type.bundle.ui-testing";
		};
/* End PBXNativeTarget section */

/* Begin PBXProject section */
		45310EA922DE704500EA215C /* Project object */ = {
			isa = PBXProject;
			attributes = {
				LastSwiftUpdateCheck = 1020;
				LastUpgradeCheck = 1020;
				ORGANIZATIONNAME = leolopez;
				TargetAttributes = {
					45310EB022DE704500EA215C = {
						CreatedOnToolsVersion = 10.2.1;
					};
					45310EC422DE704700EA215C = {
						CreatedOnToolsVersion = 10.2.1;
						TestTargetID = 45310EB022DE704500EA215C;
					};
					45310ECF22DE704700EA215C = {
						CreatedOnToolsVersion = 10.2.1;
						TestTargetID = 45310EB022DE704500EA215C;
					};
				};
			};
			buildConfigurationList = 45310EAC22DE704500EA215C /* Build configuration list for PBXProject "finanzas" */;
			compatibilityVersion = "Xcode 9.3";
			developmentRegion = en;
			hasScannedForEncodings = 0;
			knownRegions = (
				en,
				Base,
			);
			mainGroup = 45310EA822DE704500EA215C;
			productRefGroup = 45310EB222DE704500EA215C /* Products */;
			projectDirPath = "";
			projectRoot = "";
			targets = (
				45310EB022DE704500EA215C /* finanzas */,
				45310EC422DE704700EA215C /* finanzasTests */,
				45310ECF22DE704700EA215C /* finanzasUITests */,
			);
		};
/* End PBXProject section */

/* Begin PBXResourcesBuildPhase section */
		45310EAF22DE704500EA215C /* Resources */ = {
			isa = PBXResourcesBuildPhase;
			buildActionMask = 2147483647;
			files = (
				010B336322DECD37000CF058 /* Profile.storyboard in Resources */,
				45310EBF22DE704700EA215C /* LaunchScreen.storyboard in Resources */,
				45310EBC22DE704700EA215C /* Assets.xcassets in Resources */,
				010B336822DECD8F000CF058 /* Budget.storyboard in Resources */,
				45334BA222DFB12F0048BB86 /* SignIn.storyboard in Resources */,
				45334BA622DFBBE70048BB86 /* Colors.xcassets in Resources */,
				010B336022DECD10000CF058 /* Add.storyboard in Resources */,
				45310EBA22DE704500EA215C /* Main.storyboard in Resources */,
				010B336522DECD6D000CF058 /* Statistics.storyboard in Resources */,
				010B335E22DECCB0000CF058 /* Transactions.storyboard in Resources */,
			);
			runOnlyForDeploymentPostprocessing = 0;
		};
		45310EC322DE704700EA215C /* Resources */ = {
			isa = PBXResourcesBuildPhase;
			buildActionMask = 2147483647;
			files = (
			);
			runOnlyForDeploymentPostprocessing = 0;
		};
		45310ECE22DE704700EA215C /* Resources */ = {
			isa = PBXResourcesBuildPhase;
			buildActionMask = 2147483647;
			files = (
			);
			runOnlyForDeploymentPostprocessing = 0;
		};
/* End PBXResourcesBuildPhase section */

/* Begin PBXSourcesBuildPhase section */
		45310EAD22DE704500EA215C /* Sources */ = {
			isa = PBXSourcesBuildPhase;
			buildActionMask = 2147483647;
			files = (
				4510DCB122DFC86700483D1C /* Shadow.swift in Sources */,
				45310EB722DE704500EA215C /* ViewController.swift in Sources */,
				45310EB522DE704500EA215C /* AppDelegate.swift in Sources */,
			);
			runOnlyForDeploymentPostprocessing = 0;
		};
		45310EC122DE704700EA215C /* Sources */ = {
			isa = PBXSourcesBuildPhase;
			buildActionMask = 2147483647;
			files = (
				45310ECA22DE704700EA215C /* finanzasTests.swift in Sources */,
			);
			runOnlyForDeploymentPostprocessing = 0;
		};
		45310ECC22DE704700EA215C /* Sources */ = {
			isa = PBXSourcesBuildPhase;
			buildActionMask = 2147483647;
			files = (
				45310ED522DE704700EA215C /* finanzasUITests.swift in Sources */,
			);
			runOnlyForDeploymentPostprocessing = 0;
		};
/* End PBXSourcesBuildPhase section */

/* Begin PBXTargetDependency section */
		45310EC722DE704700EA215C /* PBXTargetDependency */ = {
			isa = PBXTargetDependency;
			target = 45310EB022DE704500EA215C /* finanzas */;
			targetProxy = 45310EC622DE704700EA215C /* PBXContainerItemProxy */;
		};
		45310ED222DE704700EA215C /* PBXTargetDependency */ = {
			isa = PBXTargetDependency;
			target = 45310EB022DE704500EA215C /* finanzas */;
			targetProxy = 45310ED122DE704700EA215C /* PBXContainerItemProxy */;
		};
/* End PBXTargetDependency section */

/* Begin PBXVariantGroup section */
		010B335C22DECCB0000CF058 /* Transactions.storyboard */ = {
			isa = PBXVariantGroup;
			children = (
				010B335D22DECCB0000CF058 /* Base */,
			);
			name = Transactions.storyboard;
			sourceTree = "<group>";
		};
		010B336122DECD37000CF058 /* Profile.storyboard */ = {
			isa = PBXVariantGroup;
			children = (
				010B336222DECD37000CF058 /* Base */,
			);
			name = Profile.storyboard;
			sourceTree = "<group>";
		};
		010B336622DECD8F000CF058 /* Budget.storyboard */ = {
			isa = PBXVariantGroup;
			children = (
				010B336722DECD8F000CF058 /* Base */,
			);
			name = Budget.storyboard;
			sourceTree = "<group>";
		};
		45310EB822DE704500EA215C /* Main.storyboard */ = {
			isa = PBXVariantGroup;
			children = (
				45310EB922DE704500EA215C /* Base */,
			);
			name = Main.storyboard;
			sourceTree = "<group>";
		};
		45310EBD22DE704700EA215C /* LaunchScreen.storyboard */ = {
			isa = PBXVariantGroup;
			children = (
				45310EBE22DE704700EA215C /* Base */,
			);
			name = LaunchScreen.storyboard;
			sourceTree = "<group>";
		};
/* End PBXVariantGroup section */

/* Begin XCBuildConfiguration section */
		45310ED722DE704700EA215C /* Debug */ = {
			isa = XCBuildConfiguration;
			buildSettings = {
				ALWAYS_SEARCH_USER_PATHS = NO;
				CLANG_ANALYZER_NONNULL = YES;
				CLANG_ANALYZER_NUMBER_OBJECT_CONVERSION = YES_AGGRESSIVE;
				CLANG_CXX_LANGUAGE_STANDARD = "gnu++14";
				CLANG_CXX_LIBRARY = "libc++";
				CLANG_ENABLE_MODULES = YES;
				CLANG_ENABLE_OBJC_ARC = YES;
				CLANG_ENABLE_OBJC_WEAK = YES;
				CLANG_WARN_BLOCK_CAPTURE_AUTORELEASING = YES;
				CLANG_WARN_BOOL_CONVERSION = YES;
				CLANG_WARN_COMMA = YES;
				CLANG_WARN_CONSTANT_CONVERSION = YES;
				CLANG_WARN_DEPRECATED_OBJC_IMPLEMENTATIONS = YES;
				CLANG_WARN_DIRECT_OBJC_ISA_USAGE = YES_ERROR;
				CLANG_WARN_DOCUMENTATION_COMMENTS = YES;
				CLANG_WARN_EMPTY_BODY = YES;
				CLANG_WARN_ENUM_CONVERSION = YES;
				CLANG_WARN_INFINITE_RECURSION = YES;
				CLANG_WARN_INT_CONVERSION = YES;
				CLANG_WARN_NON_LITERAL_NULL_CONVERSION = YES;
				CLANG_WARN_OBJC_IMPLICIT_RETAIN_SELF = YES;
				CLANG_WARN_OBJC_LITERAL_CONVERSION = YES;
				CLANG_WARN_OBJC_ROOT_CLASS = YES_ERROR;
				CLANG_WARN_RANGE_LOOP_ANALYSIS = YES;
				CLANG_WARN_STRICT_PROTOTYPES = YES;
				CLANG_WARN_SUSPICIOUS_MOVE = YES;
				CLANG_WARN_UNGUARDED_AVAILABILITY = YES_AGGRESSIVE;
				CLANG_WARN_UNREACHABLE_CODE = YES;
				CLANG_WARN__DUPLICATE_METHOD_MATCH = YES;
				CODE_SIGN_IDENTITY = "iPhone Developer";
				COPY_PHASE_STRIP = NO;
				DEBUG_INFORMATION_FORMAT = dwarf;
				ENABLE_STRICT_OBJC_MSGSEND = YES;
				ENABLE_TESTABILITY = YES;
				GCC_C_LANGUAGE_STANDARD = gnu11;
				GCC_DYNAMIC_NO_PIC = NO;
				GCC_NO_COMMON_BLOCKS = YES;
				GCC_OPTIMIZATION_LEVEL = 0;
				GCC_PREPROCESSOR_DEFINITIONS = (
					"DEBUG=1",
					"$(inherited)",
				);
				GCC_WARN_64_TO_32_BIT_CONVERSION = YES;
				GCC_WARN_ABOUT_RETURN_TYPE = YES_ERROR;
				GCC_WARN_UNDECLARED_SELECTOR = YES;
				GCC_WARN_UNINITIALIZED_AUTOS = YES_AGGRESSIVE;
				GCC_WARN_UNUSED_FUNCTION = YES;
				GCC_WARN_UNUSED_VARIABLE = YES;
				IPHONEOS_DEPLOYMENT_TARGET = 12.2;
				MTL_ENABLE_DEBUG_INFO = INCLUDE_SOURCE;
				MTL_FAST_MATH = YES;
				ONLY_ACTIVE_ARCH = YES;
				SDKROOT = iphoneos;
				SWIFT_ACTIVE_COMPILATION_CONDITIONS = DEBUG;
				SWIFT_OPTIMIZATION_LEVEL = "-Onone";
			};
			name = Debug;
		};
		45310ED822DE704700EA215C /* Release */ = {
			isa = XCBuildConfiguration;
			buildSettings = {
				ALWAYS_SEARCH_USER_PATHS = NO;
				CLANG_ANALYZER_NONNULL = YES;
				CLANG_ANALYZER_NUMBER_OBJECT_CONVERSION = YES_AGGRESSIVE;
				CLANG_CXX_LANGUAGE_STANDARD = "gnu++14";
				CLANG_CXX_LIBRARY = "libc++";
				CLANG_ENABLE_MODULES = YES;
				CLANG_ENABLE_OBJC_ARC = YES;
				CLANG_ENABLE_OBJC_WEAK = YES;
				CLANG_WARN_BLOCK_CAPTURE_AUTORELEASING = YES;
				CLANG_WARN_BOOL_CONVERSION = YES;
				CLANG_WARN_COMMA = YES;
				CLANG_WARN_CONSTANT_CONVERSION = YES;
				CLANG_WARN_DEPRECATED_OBJC_IMPLEMENTATIONS = YES;
				CLANG_WARN_DIRECT_OBJC_ISA_USAGE = YES_ERROR;
				CLANG_WARN_DOCUMENTATION_COMMENTS = YES;
				CLANG_WARN_EMPTY_BODY = YES;
				CLANG_WARN_ENUM_CONVERSION = YES;
				CLANG_WARN_INFINITE_RECURSION = YES;
				CLANG_WARN_INT_CONVERSION = YES;
				CLANG_WARN_NON_LITERAL_NULL_CONVERSION = YES;
				CLANG_WARN_OBJC_IMPLICIT_RETAIN_SELF = YES;
				CLANG_WARN_OBJC_LITERAL_CONVERSION = YES;
				CLANG_WARN_OBJC_ROOT_CLASS = YES_ERROR;
				CLANG_WARN_RANGE_LOOP_ANALYSIS = YES;
				CLANG_WARN_STRICT_PROTOTYPES = YES;
				CLANG_WARN_SUSPICIOUS_MOVE = YES;
				CLANG_WARN_UNGUARDED_AVAILABILITY = YES_AGGRESSIVE;
				CLANG_WARN_UNREACHABLE_CODE = YES;
				CLANG_WARN__DUPLICATE_METHOD_MATCH = YES;
				CODE_SIGN_IDENTITY = "iPhone Developer";
				COPY_PHASE_STRIP = NO;
				DEBUG_INFORMATION_FORMAT = "dwarf-with-dsym";
				ENABLE_NS_ASSERTIONS = NO;
				ENABLE_STRICT_OBJC_MSGSEND = YES;
				GCC_C_LANGUAGE_STANDARD = gnu11;
				GCC_NO_COMMON_BLOCKS = YES;
				GCC_WARN_64_TO_32_BIT_CONVERSION = YES;
				GCC_WARN_ABOUT_RETURN_TYPE = YES_ERROR;
				GCC_WARN_UNDECLARED_SELECTOR = YES;
				GCC_WARN_UNINITIALIZED_AUTOS = YES_AGGRESSIVE;
				GCC_WARN_UNUSED_FUNCTION = YES;
				GCC_WARN_UNUSED_VARIABLE = YES;
				IPHONEOS_DEPLOYMENT_TARGET = 12.2;
				MTL_ENABLE_DEBUG_INFO = NO;
				MTL_FAST_MATH = YES;
				SDKROOT = iphoneos;
				SWIFT_COMPILATION_MODE = wholemodule;
				SWIFT_OPTIMIZATION_LEVEL = "-O";
				VALIDATE_PRODUCT = YES;
			};
			name = Release;
		};
		45310EDA22DE704700EA215C /* Debug */ = {
			isa = XCBuildConfiguration;
			buildSettings = {
				ASSETCATALOG_COMPILER_APPICON_NAME = AppIcon;
				CODE_SIGN_STYLE = Automatic;
				INFOPLIST_FILE = finanzas/Info.plist;
				IPHONEOS_DEPLOYMENT_TARGET = 11.4;
				LD_RUNPATH_SEARCH_PATHS = (
					"$(inherited)",
					"@executable_path/Frameworks",
				);
				PRODUCT_BUNDLE_IDENTIFIER = com.leolopez.finanzas;
				PRODUCT_NAME = "$(TARGET_NAME)";
				SWIFT_VERSION = 5.0;
				TARGETED_DEVICE_FAMILY = 1;
			};
			name = Debug;
		};
		45310EDB22DE704700EA215C /* Release */ = {
			isa = XCBuildConfiguration;
			buildSettings = {
				ASSETCATALOG_COMPILER_APPICON_NAME = AppIcon;
				CODE_SIGN_STYLE = Automatic;
				INFOPLIST_FILE = finanzas/Info.plist;
				IPHONEOS_DEPLOYMENT_TARGET = 11.4;
				LD_RUNPATH_SEARCH_PATHS = (
					"$(inherited)",
					"@executable_path/Frameworks",
				);
				PRODUCT_BUNDLE_IDENTIFIER = com.leolopez.finanzas;
				PRODUCT_NAME = "$(TARGET_NAME)";
				SWIFT_VERSION = 5.0;
				TARGETED_DEVICE_FAMILY = 1;
			};
			name = Release;
		};
		45310EDD22DE704700EA215C /* Debug */ = {
			isa = XCBuildConfiguration;
			buildSettings = {
				ALWAYS_EMBED_SWIFT_STANDARD_LIBRARIES = YES;
				BUNDLE_LOADER = "$(TEST_HOST)";
				CODE_SIGN_STYLE = Automatic;
				INFOPLIST_FILE = finanzasTests/Info.plist;
				LD_RUNPATH_SEARCH_PATHS = (
					"$(inherited)",
					"@executable_path/Frameworks",
					"@loader_path/Frameworks",
				);
				PRODUCT_BUNDLE_IDENTIFIER = com.leolopez.finanzasTests;
				PRODUCT_NAME = "$(TARGET_NAME)";
				SWIFT_VERSION = 5.0;
				TARGETED_DEVICE_FAMILY = "1,2";
				TEST_HOST = "$(BUILT_PRODUCTS_DIR)/finanzas.app/finanzas";
			};
			name = Debug;
		};
		45310EDE22DE704700EA215C /* Release */ = {
			isa = XCBuildConfiguration;
			buildSettings = {
				ALWAYS_EMBED_SWIFT_STANDARD_LIBRARIES = YES;
				BUNDLE_LOADER = "$(TEST_HOST)";
				CODE_SIGN_STYLE = Automatic;
				INFOPLIST_FILE = finanzasTests/Info.plist;
				LD_RUNPATH_SEARCH_PATHS = (
					"$(inherited)",
					"@executable_path/Frameworks",
					"@loader_path/Frameworks",
				);
				PRODUCT_BUNDLE_IDENTIFIER = com.leolopez.finanzasTests;
				PRODUCT_NAME = "$(TARGET_NAME)";
				SWIFT_VERSION = 5.0;
				TARGETED_DEVICE_FAMILY = "1,2";
				TEST_HOST = "$(BUILT_PRODUCTS_DIR)/finanzas.app/finanzas";
			};
			name = Release;
		};
		45310EE022DE704700EA215C /* Debug */ = {
			isa = XCBuildConfiguration;
			buildSettings = {
				ALWAYS_EMBED_SWIFT_STANDARD_LIBRARIES = YES;
				CODE_SIGN_STYLE = Automatic;
				INFOPLIST_FILE = finanzasUITests/Info.plist;
				LD_RUNPATH_SEARCH_PATHS = (
					"$(inherited)",
					"@executable_path/Frameworks",
					"@loader_path/Frameworks",
				);
				PRODUCT_BUNDLE_IDENTIFIER = com.leolopez.finanzasUITests;
				PRODUCT_NAME = "$(TARGET_NAME)";
				SWIFT_VERSION = 5.0;
				TARGETED_DEVICE_FAMILY = "1,2";
				TEST_TARGET_NAME = finanzas;
			};
			name = Debug;
		};
		45310EE122DE704700EA215C /* Release */ = {
			isa = XCBuildConfiguration;
			buildSettings = {
				ALWAYS_EMBED_SWIFT_STANDARD_LIBRARIES = YES;
				CODE_SIGN_STYLE = Automatic;
				INFOPLIST_FILE = finanzasUITests/Info.plist;
				LD_RUNPATH_SEARCH_PATHS = (
					"$(inherited)",
					"@executable_path/Frameworks",
					"@loader_path/Frameworks",
				);
				PRODUCT_BUNDLE_IDENTIFIER = com.leolopez.finanzasUITests;
				PRODUCT_NAME = "$(TARGET_NAME)";
				SWIFT_VERSION = 5.0;
				TARGETED_DEVICE_FAMILY = "1,2";
				TEST_TARGET_NAME = finanzas;
			};
			name = Release;
		};
/* End XCBuildConfiguration section */

/* Begin XCConfigurationList section */
		45310EAC22DE704500EA215C /* Build configuration list for PBXProject "finanzas" */ = {
			isa = XCConfigurationList;
			buildConfigurations = (
				45310ED722DE704700EA215C /* Debug */,
				45310ED822DE704700EA215C /* Release */,
			);
			defaultConfigurationIsVisible = 0;
			defaultConfigurationName = Release;
		};
		45310ED922DE704700EA215C /* Build configuration list for PBXNativeTarget "finanzas" */ = {
			isa = XCConfigurationList;
			buildConfigurations = (
				45310EDA22DE704700EA215C /* Debug */,
				45310EDB22DE704700EA215C /* Release */,
			);
			defaultConfigurationIsVisible = 0;
			defaultConfigurationName = Release;
		};
		45310EDC22DE704700EA215C /* Build configuration list for PBXNativeTarget "finanzasTests" */ = {
			isa = XCConfigurationList;
			buildConfigurations = (
				45310EDD22DE704700EA215C /* Debug */,
				45310EDE22DE704700EA215C /* Release */,
			);
			defaultConfigurationIsVisible = 0;
			defaultConfigurationName = Release;
		};
		45310EDF22DE704700EA215C /* Build configuration list for PBXNativeTarget "finanzasUITests" */ = {
			isa = XCConfigurationList;
			buildConfigurations = (
				45310EE022DE704700EA215C /* Debug */,
				45310EE122DE704700EA215C /* Release */,
			);
			defaultConfigurationIsVisible = 0;
			defaultConfigurationName = Release;
		};
/* End XCConfigurationList section */
	};
	rootObject = 45310EA922DE704500EA215C /* Project object */;
}
