// !$*UTF8*$!
{
	archiveVersion = 1;
	classes = {
	};
	objectVersion = 51;
	objects = {

/* Begin PBXBuildFile section */
		010B335E22DECCB0000CF058 /* Transactions.storyboard in Resources */ = {isa = PBXBuildFile; fileRef = 010B335C22DECCB0000CF058 /* Transactions.storyboard */; };
		010B336022DECD10000CF058 /* Add.storyboard in Resources */ = {isa = PBXBuildFile; fileRef = 010B335F22DECD10000CF058 /* Add.storyboard */; };
		010B336322DECD37000CF058 /* Profile.storyboard in Resources */ = {isa = PBXBuildFile; fileRef = 010B336122DECD37000CF058 /* Profile.storyboard */; };
		010B336522DECD6D000CF058 /* Statistics.storyboard in Resources */ = {isa = PBXBuildFile; fileRef = 010B336422DECD6D000CF058 /* Statistics.storyboard */; };
		010B336822DECD8F000CF058 /* Budget.storyboard in Resources */ = {isa = PBXBuildFile; fileRef = 010B336622DECD8F000CF058 /* Budget.storyboard */; };
		016A68CC22EA586C00078A4D /* TabBarViewController.swift in Sources */ = {isa = PBXBuildFile; fileRef = 016A68CB22EA586B00078A4D /* TabBarViewController.swift */; };
		016A68CE22EA5F6900078A4D /* TransactionsCell.xib in Resources */ = {isa = PBXBuildFile; fileRef = 016A68CD22EA5F6900078A4D /* TransactionsCell.xib */; };
		016A68D022EA610800078A4D /* BudgetViewController.swift in Sources */ = {isa = PBXBuildFile; fileRef = 016A68CF22EA610800078A4D /* BudgetViewController.swift */; };
		01C7753822E9423E00CA7771 /* Lottie.storyboard in Resources */ = {isa = PBXBuildFile; fileRef = 01C7753722E9423E00CA7771 /* Lottie.storyboard */; };
		01C7753A22E942EE00CA7771 /* LottieViewController.swift in Sources */ = {isa = PBXBuildFile; fileRef = 01C7753922E942EE00CA7771 /* LottieViewController.swift */; };
		01C7753C22E945FA00CA7771 /* servishero-loading.json in Resources */ = {isa = PBXBuildFile; fileRef = 01C7753B22E945FA00CA7771 /* servishero-loading.json */; };
		01D4ADE222FF37B60083C382 /* SignInViewModel.swift in Sources */ = {isa = PBXBuildFile; fileRef = 01D4ADE122FF37B60083C382 /* SignInViewModel.swift */; };
		2369052D305FCC074250C0AB /* Pods_finanzas.framework in Frameworks */ = {isa = PBXBuildFile; fileRef = FC930FE67ED6EA387A872715 /* Pods_finanzas.framework */; };
		450C029E22F8C825002C930E /* PlatziFinanzasCore.framework in Frameworks */ = {isa = PBXBuildFile; fileRef = 450C029522F8C825002C930E /* PlatziFinanzasCore.framework */; };
		450C02A522F8C825002C930E /* PlatziFinanzasCoreTests.swift in Sources */ = {isa = PBXBuildFile; fileRef = 450C02A422F8C825002C930E /* PlatziFinanzasCoreTests.swift */; };
		450C02A722F8C825002C930E /* PlatziFinanzasCore.h in Headers */ = {isa = PBXBuildFile; fileRef = 450C029722F8C825002C930E /* PlatziFinanzasCore.h */; settings = {ATTRIBUTES = (Public, ); }; };
		450C02AA22F8C825002C930E /* PlatziFinanzasCore.framework in Frameworks */ = {isa = PBXBuildFile; fileRef = 450C029522F8C825002C930E /* PlatziFinanzasCore.framework */; };
		450C02AB22F8C825002C930E /* PlatziFinanzasCore.framework in Embed Frameworks */ = {isa = PBXBuildFile; fileRef = 450C029522F8C825002C930E /* PlatziFinanzasCore.framework */; settings = {ATTRIBUTES = (CodeSignOnCopy, RemoveHeadersOnCopy, ); }; };
		450C02B722F8C9A8002C930E /* Transaction.swift in Sources */ = {isa = PBXBuildFile; fileRef = 450C02B322F8C9A8002C930E /* Transaction.swift */; };
		450C02B822F8C9A8002C930E /* Account.swift in Sources */ = {isa = PBXBuildFile; fileRef = 450C02B422F8C9A8002C930E /* Account.swift */; };
		450C02B922F8C9A8002C930E /* Person.swift in Sources */ = {isa = PBXBuildFile; fileRef = 450C02B522F8C9A8002C930E /* Person.swift */; };
		450C02BA22F8C9A8002C930E /* Budget.swift in Sources */ = {isa = PBXBuildFile; fileRef = 450C02B622F8C9A8002C930E /* Budget.swift */; };
		450C02BE22F8CA49002C930E /* Gain.swift in Sources */ = {isa = PBXBuildFile; fileRef = 450C02BB22F8CA49002C930E /* Gain.swift */; };
		450C02BF22F8CA49002C930E /* Date.swift in Sources */ = {isa = PBXBuildFile; fileRef = 450C02BC22F8CA49002C930E /* Date.swift */; };
		450C02C022F8CA49002C930E /* Debit.swift in Sources */ = {isa = PBXBuildFile; fileRef = 450C02BD22F8CA49002C930E /* Debit.swift */; };
		450C02C222F8D885002C930E /* CartFile in Resources */ = {isa = PBXBuildFile; fileRef = 450C02C122F8D885002C930E /* CartFile */; };
		450C02C922F8D9F9002C930E /* SwiftyStoreKit.framework in Frameworks */ = {isa = PBXBuildFile; fileRef = 450C02C322F8D99B002C930E /* SwiftyStoreKit.framework */; };
		450C02CA22F8D9F9002C930E /* SwiftyStoreKit.framework in Embed Frameworks */ = {isa = PBXBuildFile; fileRef = 450C02C322F8D99B002C930E /* SwiftyStoreKit.framework */; settings = {ATTRIBUTES = (CodeSignOnCopy, RemoveHeadersOnCopy, ); }; };
		450C02CB22F8D9F9002C930E /* TwitterCore.framework in Frameworks */ = {isa = PBXBuildFile; fileRef = 450C02C422F8D99B002C930E /* TwitterCore.framework */; };
		450C02CC22F8D9F9002C930E /* TwitterCore.framework in Embed Frameworks */ = {isa = PBXBuildFile; fileRef = 450C02C422F8D99B002C930E /* TwitterCore.framework */; settings = {ATTRIBUTES = (CodeSignOnCopy, RemoveHeadersOnCopy, ); }; };
		450C02CD22F8D9F9002C930E /* TwitterKit.framework in Frameworks */ = {isa = PBXBuildFile; fileRef = 450C02C522F8D99B002C930E /* TwitterKit.framework */; };
		450C02CE22F8D9F9002C930E /* TwitterKit.framework in Embed Frameworks */ = {isa = PBXBuildFile; fileRef = 450C02C522F8D99B002C930E /* TwitterKit.framework */; settings = {ATTRIBUTES = (CodeSignOnCopy, RemoveHeadersOnCopy, ); }; };
		4510DCB122DFC86700483D1C /* Shadow.swift in Sources */ = {isa = PBXBuildFile; fileRef = 4510DCB022DFC86700483D1C /* Shadow.swift */; };
		4517D1BE22E24A8400E742E3 /* OnBoarding.storyboard in Resources */ = {isa = PBXBuildFile; fileRef = 4517D1BD22E24A8400E742E3 /* OnBoarding.storyboard */; };
		4517D1C022E2538500E742E3 /* OnBoardingContainerViewController.swift in Sources */ = {isa = PBXBuildFile; fileRef = 4517D1BF22E2538500E742E3 /* OnBoardingContainerViewController.swift */; };
		4517D1C222E253C300E742E3 /* OnBoardingViewController.swift in Sources */ = {isa = PBXBuildFile; fileRef = 4517D1C122E253C300E742E3 /* OnBoardingViewController.swift */; };
		4517D1C422E2686B00E742E3 /* OnBoardingStepsViewController.swift in Sources */ = {isa = PBXBuildFile; fileRef = 4517D1C322E2686B00E742E3 /* OnBoardingStepsViewController.swift */; };
		45310EB522DE704500EA215C /* AppDelegate.swift in Sources */ = {isa = PBXBuildFile; fileRef = 45310EB422DE704500EA215C /* AppDelegate.swift */; };
		45310EB722DE704500EA215C /* ViewController.swift in Sources */ = {isa = PBXBuildFile; fileRef = 45310EB622DE704500EA215C /* ViewController.swift */; };
		45310EBA22DE704500EA215C /* Main.storyboard in Resources */ = {isa = PBXBuildFile; fileRef = 45310EB822DE704500EA215C /* Main.storyboard */; };
		45310EBC22DE704700EA215C /* Assets.xcassets in Resources */ = {isa = PBXBuildFile; fileRef = 45310EBB22DE704700EA215C /* Assets.xcassets */; };
		45310EBF22DE704700EA215C /* LaunchScreen.storyboard in Resources */ = {isa = PBXBuildFile; fileRef = 45310EBD22DE704700EA215C /* LaunchScreen.storyboard */; };
		45310ECA22DE704700EA215C /* finanzasTests.swift in Sources */ = {isa = PBXBuildFile; fileRef = 45310EC922DE704700EA215C /* finanzasTests.swift */; };
		45310ED522DE704700EA215C /* finanzasUITests.swift in Sources */ = {isa = PBXBuildFile; fileRef = 45310ED422DE704700EA215C /* finanzasUITests.swift */; };
		45334BA222DFB12F0048BB86 /* SignIn.storyboard in Resources */ = {isa = PBXBuildFile; fileRef = 45334BA122DFB12F0048BB86 /* SignIn.storyboard */; };
		45334BA622DFBBE70048BB86 /* Colors.xcassets in Resources */ = {isa = PBXBuildFile; fileRef = 45334BA522DFBBE70048BB86 /* Colors.xcassets */; };
		45751FB122FE11D50028CBD3 /* GoogleService-Info.plist in Resources */ = {isa = PBXBuildFile; fileRef = 45751FB022FE11D50028CBD3 /* GoogleService-Info.plist */; };
		45751FB322FE147E0028CBD3 /* SignInViewController.swift in Sources */ = {isa = PBXBuildFile; fileRef = 45751FB222FE147E0028CBD3 /* SignInViewController.swift */; };
		45CB5B8322E659BE00786864 /* TransactionsViewController.swift in Sources */ = {isa = PBXBuildFile; fileRef = 45CB5B8222E659BE00786864 /* TransactionsViewController.swift */; };
		45CB5B8522E6729E00786864 /* EmptyState.xib in Resources */ = {isa = PBXBuildFile; fileRef = 45CB5B8422E6729E00786864 /* EmptyState.xib */; };
		9839853B0F74A4E82A20A063 /* Pods_finanzasUITests.framework in Frameworks */ = {isa = PBXBuildFile; fileRef = DBBAEEDDF18E2177D052859C /* Pods_finanzasUITests.framework */; };
		DD82DD8033C0DAEB0F12ECF3 /* Pods_finanzasTests.framework in Frameworks */ = {isa = PBXBuildFile; fileRef = 14B751908F483FA0A77DC6DD /* Pods_finanzasTests.framework */; };
/* End PBXBuildFile section */

/* Begin PBXContainerItemProxy section */
		450C029F22F8C825002C930E /* PBXContainerItemProxy */ = {
			isa = PBXContainerItemProxy;
			containerPortal = 45310EA922DE704500EA215C /* Project object */;
			proxyType = 1;
			remoteGlobalIDString = 450C029422F8C825002C930E;
			remoteInfo = PlatziFinanzasCore;
		};
		450C02A122F8C825002C930E /* PBXContainerItemProxy */ = {
			isa = PBXContainerItemProxy;
			containerPortal = 45310EA922DE704500EA215C /* Project object */;
			proxyType = 1;
			remoteGlobalIDString = 45310EB022DE704500EA215C;
			remoteInfo = finanzas;
		};
		450C02A822F8C825002C930E /* PBXContainerItemProxy */ = {
			isa = PBXContainerItemProxy;
			containerPortal = 45310EA922DE704500EA215C /* Project object */;
			proxyType = 1;
			remoteGlobalIDString = 450C029422F8C825002C930E;
			remoteInfo = PlatziFinanzasCore;
		};
		45310EC622DE704700EA215C /* PBXContainerItemProxy */ = {
			isa = PBXContainerItemProxy;
			containerPortal = 45310EA922DE704500EA215C /* Project object */;
			proxyType = 1;
			remoteGlobalIDString = 45310EB022DE704500EA215C;
			remoteInfo = finanzas;
		};
		45310ED122DE704700EA215C /* PBXContainerItemProxy */ = {
			isa = PBXContainerItemProxy;
			containerPortal = 45310EA922DE704500EA215C /* Project object */;
			proxyType = 1;
			remoteGlobalIDString = 45310EB022DE704500EA215C;
			remoteInfo = finanzas;
		};
/* End PBXContainerItemProxy section */

/* Begin PBXCopyFilesBuildPhase section */
		450C02B122F8C825002C930E /* Embed Frameworks */ = {
			isa = PBXCopyFilesBuildPhase;
			buildActionMask = 2147483647;
			dstPath = "";
			dstSubfolderSpec = 10;
			files = (
				450C02AB22F8C825002C930E /* PlatziFinanzasCore.framework in Embed Frameworks */,
				450C02CC22F8D9F9002C930E /* TwitterCore.framework in Embed Frameworks */,
				450C02CA22F8D9F9002C930E /* SwiftyStoreKit.framework in Embed Frameworks */,
				450C02CE22F8D9F9002C930E /* TwitterKit.framework in Embed Frameworks */,
			);
			name = "Embed Frameworks";
			runOnlyForDeploymentPostprocessing = 0;
		};
/* End PBXCopyFilesBuildPhase section */

/* Begin PBXFileReference section */
		010B335D22DECCB0000CF058 /* Base */ = {isa = PBXFileReference; lastKnownFileType = file.storyboard; name = Base; path = finanzas/Base.lproj/Transactions.storyboard; sourceTree = "<group>"; };
		010B335F22DECD10000CF058 /* Add.storyboard */ = {isa = PBXFileReference; fileEncoding = 4; lastKnownFileType = file.storyboard; path = Add.storyboard; sourceTree = "<group>"; };
		010B336222DECD37000CF058 /* Base */ = {isa = PBXFileReference; lastKnownFileType = file.storyboard; name = Base; path = finanzas/Base.lproj/Profile.storyboard; sourceTree = "<group>"; };
		010B336422DECD6D000CF058 /* Statistics.storyboard */ = {isa = PBXFileReference; fileEncoding = 4; lastKnownFileType = file.storyboard; path = Statistics.storyboard; sourceTree = "<group>"; };
		010B336722DECD8F000CF058 /* Base */ = {isa = PBXFileReference; lastKnownFileType = file.storyboard; name = Base; path = finanzas/Base.lproj/Budget.storyboard; sourceTree = "<group>"; };
		016A68CB22EA586B00078A4D /* TabBarViewController.swift */ = {isa = PBXFileReference; lastKnownFileType = sourcecode.swift; path = TabBarViewController.swift; sourceTree = "<group>"; };
		016A68CD22EA5F6900078A4D /* TransactionsCell.xib */ = {isa = PBXFileReference; lastKnownFileType = file.xib; path = TransactionsCell.xib; sourceTree = "<group>"; };
		016A68CF22EA610800078A4D /* BudgetViewController.swift */ = {isa = PBXFileReference; lastKnownFileType = sourcecode.swift; path = BudgetViewController.swift; sourceTree = "<group>"; };
		01C7753722E9423E00CA7771 /* Lottie.storyboard */ = {isa = PBXFileReference; lastKnownFileType = file.storyboard; path = Lottie.storyboard; sourceTree = "<group>"; };
		01C7753922E942EE00CA7771 /* LottieViewController.swift */ = {isa = PBXFileReference; lastKnownFileType = sourcecode.swift; path = LottieViewController.swift; sourceTree = "<group>"; };
		01C7753B22E945FA00CA7771 /* servishero-loading.json */ = {isa = PBXFileReference; fileEncoding = 4; lastKnownFileType = text.json; path = "servishero-loading.json"; sourceTree = "<group>"; };
		01D4ADE122FF37B60083C382 /* SignInViewModel.swift */ = {isa = PBXFileReference; lastKnownFileType = sourcecode.swift; path = SignInViewModel.swift; sourceTree = "<group>"; };
		042D77E2B3E5441BF05B6545 /* Pods-finanzas.debug.xcconfig */ = {isa = PBXFileReference; includeInIndex = 1; lastKnownFileType = text.xcconfig; name = "Pods-finanzas.debug.xcconfig"; path = "Target Support Files/Pods-finanzas/Pods-finanzas.debug.xcconfig"; sourceTree = "<group>"; };
		14B751908F483FA0A77DC6DD /* Pods_finanzasTests.framework */ = {isa = PBXFileReference; explicitFileType = wrapper.framework; includeInIndex = 0; path = Pods_finanzasTests.framework; sourceTree = BUILT_PRODUCTS_DIR; };
		450C029522F8C825002C930E /* PlatziFinanzasCore.framework */ = {isa = PBXFileReference; explicitFileType = wrapper.framework; includeInIndex = 0; path = PlatziFinanzasCore.framework; sourceTree = BUILT_PRODUCTS_DIR; };
		450C029722F8C825002C930E /* PlatziFinanzasCore.h */ = {isa = PBXFileReference; lastKnownFileType = sourcecode.c.h; path = PlatziFinanzasCore.h; sourceTree = "<group>"; };
		450C029822F8C825002C930E /* Info.plist */ = {isa = PBXFileReference; lastKnownFileType = text.plist.xml; path = Info.plist; sourceTree = "<group>"; };
		450C029D22F8C825002C930E /* PlatziFinanzasCoreTests.xctest */ = {isa = PBXFileReference; explicitFileType = wrapper.cfbundle; includeInIndex = 0; path = PlatziFinanzasCoreTests.xctest; sourceTree = BUILT_PRODUCTS_DIR; };
		450C02A422F8C825002C930E /* PlatziFinanzasCoreTests.swift */ = {isa = PBXFileReference; lastKnownFileType = sourcecode.swift; path = PlatziFinanzasCoreTests.swift; sourceTree = "<group>"; };
		450C02A622F8C825002C930E /* Info.plist */ = {isa = PBXFileReference; lastKnownFileType = text.plist.xml; path = Info.plist; sourceTree = "<group>"; };
		450C02B322F8C9A8002C930E /* Transaction.swift */ = {isa = PBXFileReference; fileEncoding = 4; lastKnownFileType = sourcecode.swift; path = Transaction.swift; sourceTree = "<group>"; };
		450C02B422F8C9A8002C930E /* Account.swift */ = {isa = PBXFileReference; fileEncoding = 4; lastKnownFileType = sourcecode.swift; path = Account.swift; sourceTree = "<group>"; };
		450C02B522F8C9A8002C930E /* Person.swift */ = {isa = PBXFileReference; fileEncoding = 4; lastKnownFileType = sourcecode.swift; path = Person.swift; sourceTree = "<group>"; };
		450C02B622F8C9A8002C930E /* Budget.swift */ = {isa = PBXFileReference; fileEncoding = 4; lastKnownFileType = sourcecode.swift; path = Budget.swift; sourceTree = "<group>"; };
		450C02BB22F8CA49002C930E /* Gain.swift */ = {isa = PBXFileReference; fileEncoding = 4; lastKnownFileType = sourcecode.swift; path = Gain.swift; sourceTree = "<group>"; };
		450C02BC22F8CA49002C930E /* Date.swift */ = {isa = PBXFileReference; fileEncoding = 4; lastKnownFileType = sourcecode.swift; path = Date.swift; sourceTree = "<group>"; };
		450C02BD22F8CA49002C930E /* Debit.swift */ = {isa = PBXFileReference; fileEncoding = 4; lastKnownFileType = sourcecode.swift; path = Debit.swift; sourceTree = "<group>"; };
		450C02C122F8D885002C930E /* CartFile */ = {isa = PBXFileReference; lastKnownFileType = text; path = CartFile; sourceTree = "<group>"; };
		450C02C322F8D99B002C930E /* SwiftyStoreKit.framework */ = {isa = PBXFileReference; lastKnownFileType = wrapper.framework; name = SwiftyStoreKit.framework; path = Carthage/Build/iOS/SwiftyStoreKit.framework; sourceTree = "<group>"; };
		450C02C422F8D99B002C930E /* TwitterCore.framework */ = {isa = PBXFileReference; lastKnownFileType = wrapper.framework; name = TwitterCore.framework; path = Carthage/Build/iOS/TwitterCore.framework; sourceTree = "<group>"; };
		450C02C522F8D99B002C930E /* TwitterKit.framework */ = {isa = PBXFileReference; lastKnownFileType = wrapper.framework; name = TwitterKit.framework; path = Carthage/Build/iOS/TwitterKit.framework; sourceTree = "<group>"; };
		4510DCB022DFC86700483D1C /* Shadow.swift */ = {isa = PBXFileReference; lastKnownFileType = sourcecode.swift; path = Shadow.swift; sourceTree = "<group>"; };
		4517D1BD22E24A8400E742E3 /* OnBoarding.storyboard */ = {isa = PBXFileReference; lastKnownFileType = file.storyboard; path = OnBoarding.storyboard; sourceTree = "<group>"; };
		4517D1BF22E2538500E742E3 /* OnBoardingContainerViewController.swift */ = {isa = PBXFileReference; lastKnownFileType = sourcecode.swift; path = OnBoardingContainerViewController.swift; sourceTree = "<group>"; };
		4517D1C122E253C300E742E3 /* OnBoardingViewController.swift */ = {isa = PBXFileReference; lastKnownFileType = sourcecode.swift; path = OnBoardingViewController.swift; sourceTree = "<group>"; };
		4517D1C322E2686B00E742E3 /* OnBoardingStepsViewController.swift */ = {isa = PBXFileReference; lastKnownFileType = sourcecode.swift; path = OnBoardingStepsViewController.swift; sourceTree = "<group>"; };
		45310EB122DE704500EA215C /* finanzas.app */ = {isa = PBXFileReference; explicitFileType = wrapper.application; includeInIndex = 0; path = finanzas.app; sourceTree = BUILT_PRODUCTS_DIR; };
		45310EB422DE704500EA215C /* AppDelegate.swift */ = {isa = PBXFileReference; lastKnownFileType = sourcecode.swift; path = AppDelegate.swift; sourceTree = "<group>"; };
		45310EB622DE704500EA215C /* ViewController.swift */ = {isa = PBXFileReference; lastKnownFileType = sourcecode.swift; path = ViewController.swift; sourceTree = "<group>"; };
		45310EB922DE704500EA215C /* Base */ = {isa = PBXFileReference; lastKnownFileType = file.storyboard; name = Base; path = Base.lproj/Main.storyboard; sourceTree = "<group>"; };
		45310EBB22DE704700EA215C /* Assets.xcassets */ = {isa = PBXFileReference; lastKnownFileType = folder.assetcatalog; path = Assets.xcassets; sourceTree = "<group>"; };
		45310EBE22DE704700EA215C /* Base */ = {isa = PBXFileReference; lastKnownFileType = file.storyboard; name = Base; path = Base.lproj/LaunchScreen.storyboard; sourceTree = "<group>"; };
		45310EC022DE704700EA215C /* Info.plist */ = {isa = PBXFileReference; lastKnownFileType = text.plist.xml; path = Info.plist; sourceTree = "<group>"; };
		45310EC522DE704700EA215C /* finanzasTests.xctest */ = {isa = PBXFileReference; explicitFileType = wrapper.cfbundle; includeInIndex = 0; path = finanzasTests.xctest; sourceTree = BUILT_PRODUCTS_DIR; };
		45310EC922DE704700EA215C /* finanzasTests.swift */ = {isa = PBXFileReference; lastKnownFileType = sourcecode.swift; path = finanzasTests.swift; sourceTree = "<group>"; };
		45310ECB22DE704700EA215C /* Info.plist */ = {isa = PBXFileReference; lastKnownFileType = text.plist.xml; path = Info.plist; sourceTree = "<group>"; };
		45310ED022DE704700EA215C /* finanzasUITests.xctest */ = {isa = PBXFileReference; explicitFileType = wrapper.cfbundle; includeInIndex = 0; path = finanzasUITests.xctest; sourceTree = BUILT_PRODUCTS_DIR; };
		45310ED422DE704700EA215C /* finanzasUITests.swift */ = {isa = PBXFileReference; lastKnownFileType = sourcecode.swift; path = finanzasUITests.swift; sourceTree = "<group>"; };
		45310ED622DE704700EA215C /* Info.plist */ = {isa = PBXFileReference; lastKnownFileType = text.plist.xml; path = Info.plist; sourceTree = "<group>"; };
		45334BA122DFB12F0048BB86 /* SignIn.storyboard */ = {isa = PBXFileReference; lastKnownFileType = file.storyboard; path = SignIn.storyboard; sourceTree = "<group>"; };
		45334BA522DFBBE70048BB86 /* Colors.xcassets */ = {isa = PBXFileReference; lastKnownFileType = folder.assetcatalog; path = Colors.xcassets; sourceTree = "<group>"; };
		45751FB022FE11D50028CBD3 /* GoogleService-Info.plist */ = {isa = PBXFileReference; fileEncoding = 4; lastKnownFileType = text.plist.xml; path = "GoogleService-Info.plist"; sourceTree = "<group>"; };
		45751FB222FE147E0028CBD3 /* SignInViewController.swift */ = {isa = PBXFileReference; lastKnownFileType = sourcecode.swift; path = SignInViewController.swift; sourceTree = "<group>"; };
		45CB5B8222E659BE00786864 /* TransactionsViewController.swift */ = {isa = PBXFileReference; lastKnownFileType = sourcecode.swift; path = TransactionsViewController.swift; sourceTree = "<group>"; };
		45CB5B8422E6729E00786864 /* EmptyState.xib */ = {isa = PBXFileReference; lastKnownFileType = file.xib; path = EmptyState.xib; sourceTree = "<group>"; };
		723F883C41261C9B479819AF /* Pods-finanzasUITests.release.xcconfig */ = {isa = PBXFileReference; includeInIndex = 1; lastKnownFileType = text.xcconfig; name = "Pods-finanzasUITests.release.xcconfig"; path = "Target Support Files/Pods-finanzasUITests/Pods-finanzasUITests.release.xcconfig"; sourceTree = "<group>"; };
		B1A31D95811BFF066140713A /* Pods-finanzasTests.release.xcconfig */ = {isa = PBXFileReference; includeInIndex = 1; lastKnownFileType = text.xcconfig; name = "Pods-finanzasTests.release.xcconfig"; path = "Target Support Files/Pods-finanzasTests/Pods-finanzasTests.release.xcconfig"; sourceTree = "<group>"; };
		C526208EC709F327B6460C82 /* Pods-finanzasTests.debug.xcconfig */ = {isa = PBXFileReference; includeInIndex = 1; lastKnownFileType = text.xcconfig; name = "Pods-finanzasTests.debug.xcconfig"; path = "Target Support Files/Pods-finanzasTests/Pods-finanzasTests.debug.xcconfig"; sourceTree = "<group>"; };
		D6C41B618ED353613A9A2131 /* Pods-finanzasUITests.debug.xcconfig */ = {isa = PBXFileReference; includeInIndex = 1; lastKnownFileType = text.xcconfig; name = "Pods-finanzasUITests.debug.xcconfig"; path = "Target Support Files/Pods-finanzasUITests/Pods-finanzasUITests.debug.xcconfig"; sourceTree = "<group>"; };
		DBBAEEDDF18E2177D052859C /* Pods_finanzasUITests.framework */ = {isa = PBXFileReference; explicitFileType = wrapper.framework; includeInIndex = 0; path = Pods_finanzasUITests.framework; sourceTree = BUILT_PRODUCTS_DIR; };
		DFAA58D29D96D4184B8B2E97 /* Pods-finanzas.release.xcconfig */ = {isa = PBXFileReference; includeInIndex = 1; lastKnownFileType = text.xcconfig; name = "Pods-finanzas.release.xcconfig"; path = "Target Support Files/Pods-finanzas/Pods-finanzas.release.xcconfig"; sourceTree = "<group>"; };
		FC930FE67ED6EA387A872715 /* Pods_finanzas.framework */ = {isa = PBXFileReference; explicitFileType = wrapper.framework; includeInIndex = 0; path = Pods_finanzas.framework; sourceTree = BUILT_PRODUCTS_DIR; };
/* End PBXFileReference section */

/* Begin PBXFrameworksBuildPhase section */
		450C029222F8C825002C930E /* Frameworks */ = {
			isa = PBXFrameworksBuildPhase;
			buildActionMask = 2147483647;
			files = (
			);
			runOnlyForDeploymentPostprocessing = 0;
		};
		450C029A22F8C825002C930E /* Frameworks */ = {
			isa = PBXFrameworksBuildPhase;
			buildActionMask = 2147483647;
			files = (
				450C029E22F8C825002C930E /* PlatziFinanzasCore.framework in Frameworks */,
			);
			runOnlyForDeploymentPostprocessing = 0;
		};
		45310EAE22DE704500EA215C /* Frameworks */ = {
			isa = PBXFrameworksBuildPhase;
			buildActionMask = 2147483647;
			files = (
				2369052D305FCC074250C0AB /* Pods_finanzas.framework in Frameworks */,
				450C02AA22F8C825002C930E /* PlatziFinanzasCore.framework in Frameworks */,
				450C02CB22F8D9F9002C930E /* TwitterCore.framework in Frameworks */,
				450C02CD22F8D9F9002C930E /* TwitterKit.framework in Frameworks */,
				450C02C922F8D9F9002C930E /* SwiftyStoreKit.framework in Frameworks */,
			);
			runOnlyForDeploymentPostprocessing = 0;
		};
		45310EC222DE704700EA215C /* Frameworks */ = {
			isa = PBXFrameworksBuildPhase;
			buildActionMask = 2147483647;
			files = (
				DD82DD8033C0DAEB0F12ECF3 /* Pods_finanzasTests.framework in Frameworks */,
			);
			runOnlyForDeploymentPostprocessing = 0;
		};
		45310ECD22DE704700EA215C /* Frameworks */ = {
			isa = PBXFrameworksBuildPhase;
			buildActionMask = 2147483647;
			files = (
				9839853B0F74A4E82A20A063 /* Pods_finanzasUITests.framework in Frameworks */,
			);
			runOnlyForDeploymentPostprocessing = 0;
		};
/* End PBXFrameworksBuildPhase section */

/* Begin PBXGroup section */
		010B335822DECC1C000CF058 /* Add */ = {
			isa = PBXGroup;
			children = (
				010B335F22DECD10000CF058 /* Add.storyboard */,
			);
			path = Add;
			sourceTree = "<group>";
		};
		010B335922DECC2F000CF058 /* Statistics */ = {
			isa = PBXGroup;
			children = (
				010B336422DECD6D000CF058 /* Statistics.storyboard */,
			);
			path = Statistics;
			sourceTree = "<group>";
		};
		010B335A22DECC4B000CF058 /* Budget */ = {
			isa = PBXGroup;
			children = (
				016A68CF22EA610800078A4D /* BudgetViewController.swift */,
				010B336622DECD8F000CF058 /* Budget.storyboard */,
			);
			path = Budget;
			sourceTree = "<group>";
		};
		010B335B22DECC56000CF058 /* Profile */ = {
			isa = PBXGroup;
			children = (
				010B336122DECD37000CF058 /* Profile.storyboard */,
			);
			path = Profile;
			sourceTree = "<group>";
		};
		01D5A78322DECB3000154CFD /* Transactions */ = {
			isa = PBXGroup;
			children = (
				010B335C22DECCB0000CF058 /* Transactions.storyboard */,
				45CB5B8222E659BE00786864 /* TransactionsViewController.swift */,
				45CB5B8422E6729E00786864 /* EmptyState.xib */,
				016A68CD22EA5F6900078A4D /* TransactionsCell.xib */,
			);
			path = Transactions;
			sourceTree = "<group>";
		};
		01D717B922E941E300D27F30 /* Animation */ = {
			isa = PBXGroup;
			children = (
				01C7753B22E945FA00CA7771 /* servishero-loading.json */,
				01C7753722E9423E00CA7771 /* Lottie.storyboard */,
				01C7753922E942EE00CA7771 /* LottieViewController.swift */,
			);
			path = Animation;
			sourceTree = "<group>";
		};
		3119E14F1CC80A3A96A60914 /* Pods */ = {
			isa = PBXGroup;
			children = (
				042D77E2B3E5441BF05B6545 /* Pods-finanzas.debug.xcconfig */,
				DFAA58D29D96D4184B8B2E97 /* Pods-finanzas.release.xcconfig */,
				C526208EC709F327B6460C82 /* Pods-finanzasTests.debug.xcconfig */,
				B1A31D95811BFF066140713A /* Pods-finanzasTests.release.xcconfig */,
				D6C41B618ED353613A9A2131 /* Pods-finanzasUITests.debug.xcconfig */,
				723F883C41261C9B479819AF /* Pods-finanzasUITests.release.xcconfig */,
			);
			path = Pods;
			sourceTree = "<group>";
		};
		450C029622F8C825002C930E /* PlatziFinanzasCore */ = {
			isa = PBXGroup;
			children = (
				450C02B422F8C9A8002C930E /* Account.swift */,
				450C02BC22F8CA49002C930E /* Date.swift */,
				450C02BD22F8CA49002C930E /* Debit.swift */,
				450C02BB22F8CA49002C930E /* Gain.swift */,
				450C02B622F8C9A8002C930E /* Budget.swift */,
				450C02B522F8C9A8002C930E /* Person.swift */,
				450C02B322F8C9A8002C930E /* Transaction.swift */,
				450C029722F8C825002C930E /* PlatziFinanzasCore.h */,
				450C029822F8C825002C930E /* Info.plist */,
			);
			path = PlatziFinanzasCore;
			sourceTree = "<group>";
		};
		450C02A322F8C825002C930E /* PlatziFinanzasCoreTests */ = {
			isa = PBXGroup;
			children = (
				450C02A422F8C825002C930E /* PlatziFinanzasCoreTests.swift */,
				450C02A622F8C825002C930E /* Info.plist */,
			);
			path = PlatziFinanzasCoreTests;
			sourceTree = "<group>";
		};
		4517D1BB22E248E600E742E3 /* Authentication */ = {
			isa = PBXGroup;
			children = (
				4517D1BC22E2491000E742E3 /* OnBoarding */,
				45334BA022DFB0DF0048BB86 /* SignIn */,
			);
			path = Authentication;
			sourceTree = "<group>";
		};
		4517D1BC22E2491000E742E3 /* OnBoarding */ = {
			isa = PBXGroup;
			children = (
				4517D1BD22E24A8400E742E3 /* OnBoarding.storyboard */,
				4517D1BF22E2538500E742E3 /* OnBoardingContainerViewController.swift */,
				4517D1C122E253C300E742E3 /* OnBoardingViewController.swift */,
				4517D1C322E2686B00E742E3 /* OnBoardingStepsViewController.swift */,
			);
			path = OnBoarding;
			sourceTree = "<group>";
		};
		45310EA822DE704500EA215C = {
			isa = PBXGroup;
			children = (
				450C02C122F8D885002C930E /* CartFile */,
				45310EB322DE704500EA215C /* finanzas */,
				45310EC822DE704700EA215C /* finanzasTests */,
				45310ED322DE704700EA215C /* finanzasUITests */,
				450C029622F8C825002C930E /* PlatziFinanzasCore */,
				450C02A322F8C825002C930E /* PlatziFinanzasCoreTests */,
				45310EB222DE704500EA215C /* Products */,
				3119E14F1CC80A3A96A60914 /* Pods */,
				A303F7394126853EAA7C29AB /* Frameworks */,
			);
			sourceTree = "<group>";
		};
		45310EB222DE704500EA215C /* Products */ = {
			isa = PBXGroup;
			children = (
				45310EB122DE704500EA215C /* finanzas.app */,
				45310EC522DE704700EA215C /* finanzasTests.xctest */,
				45310ED022DE704700EA215C /* finanzasUITests.xctest */,
				450C029522F8C825002C930E /* PlatziFinanzasCore.framework */,
				450C029D22F8C825002C930E /* PlatziFinanzasCoreTests.xctest */,
			);
			name = Products;
			sourceTree = "<group>";
		};
		45310EB322DE704500EA215C /* finanzas */ = {
			isa = PBXGroup;
			children = (
				45310EB622DE704500EA215C /* ViewController.swift */,
				4563D9B622E27F61004C208B /* Base */,
				4563D9B222E27E7B004C208B /* Application */,
				45334BA722DFC5EC0048BB86 /* Extensions */,
				45334BA322DFBBC50048BB86 /* Resources */,
			);
			path = finanzas;
			sourceTree = "<group>";
		};
		45310EC822DE704700EA215C /* finanzasTests */ = {
			isa = PBXGroup;
			children = (
				45310EC922DE704700EA215C /* finanzasTests.swift */,
				45310ECB22DE704700EA215C /* Info.plist */,
			);
			path = finanzasTests;
			sourceTree = "<group>";
		};
		45310ED322DE704700EA215C /* finanzasUITests */ = {
			isa = PBXGroup;
			children = (
				45310ED422DE704700EA215C /* finanzasUITests.swift */,
				45310ED622DE704700EA215C /* Info.plist */,
			);
			path = finanzasUITests;
			sourceTree = "<group>";
		};
		45334BA022DFB0DF0048BB86 /* SignIn */ = {
			isa = PBXGroup;
			children = (
				45334BA122DFB12F0048BB86 /* SignIn.storyboard */,
				45751FB222FE147E0028CBD3 /* SignInViewController.swift */,
				01D4ADE122FF37B60083C382 /* SignInViewModel.swift */,
			);
			path = SignIn;
			sourceTree = "<group>";
		};
		45334BA322DFBBC50048BB86 /* Resources */ = {
			isa = PBXGroup;
			children = (
				4563D9B422E27EF0004C208B /* Images */,
				45334BA422DFBBD20048BB86 /* Colors */,
			);
			path = Resources;
			sourceTree = "<group>";
		};
		45334BA422DFBBD20048BB86 /* Colors */ = {
			isa = PBXGroup;
			children = (
				45334BA522DFBBE70048BB86 /* Colors.xcassets */,
			);
			path = Colors;
			sourceTree = "<group>";
		};
		45334BA722DFC5EC0048BB86 /* Extensions */ = {
			isa = PBXGroup;
			children = (
				4510DCB022DFC86700483D1C /* Shadow.swift */,
			);
			path = Extensions;
			sourceTree = "<group>";
		};
		4563D9B222E27E7B004C208B /* Application */ = {
			isa = PBXGroup;
			children = (
				01D717B922E941E300D27F30 /* Animation */,
				4563D9B322E27E9B004C208B /* Main */,
				4517D1BB22E248E600E742E3 /* Authentication */,
			);
			path = Application;
			sourceTree = "<group>";
		};
		4563D9B322E27E9B004C208B /* Main */ = {
			isa = PBXGroup;
			children = (
				4563D9B522E27F23004C208B /* Main */,
				01D5A78322DECB3000154CFD /* Transactions */,
				010B335B22DECC56000CF058 /* Profile */,
				010B335922DECC2F000CF058 /* Statistics */,
				010B335A22DECC4B000CF058 /* Budget */,
				010B335822DECC1C000CF058 /* Add */,
			);
			path = Main;
			sourceTree = "<group>";
		};
		4563D9B422E27EF0004C208B /* Images */ = {
			isa = PBXGroup;
			children = (
				45310EBB22DE704700EA215C /* Assets.xcassets */,
			);
			path = Images;
			sourceTree = "<group>";
		};
		4563D9B522E27F23004C208B /* Main */ = {
			isa = PBXGroup;
			children = (
				45310EB822DE704500EA215C /* Main.storyboard */,
				016A68CB22EA586B00078A4D /* TabBarViewController.swift */,
			);
			path = Main;
			sourceTree = "<group>";
		};
		4563D9B622E27F61004C208B /* Base */ = {
			isa = PBXGroup;
			children = (
				45751FB022FE11D50028CBD3 /* GoogleService-Info.plist */,
				45310EC022DE704700EA215C /* Info.plist */,
				45310EB422DE704500EA215C /* AppDelegate.swift */,
				45310EBD22DE704700EA215C /* LaunchScreen.storyboard */,
			);
			path = Base;
			sourceTree = "<group>";
		};
		A303F7394126853EAA7C29AB /* Frameworks */ = {
			isa = PBXGroup;
			children = (
				450C02C322F8D99B002C930E /* SwiftyStoreKit.framework */,
				450C02C422F8D99B002C930E /* TwitterCore.framework */,
				450C02C522F8D99B002C930E /* TwitterKit.framework */,
				FC930FE67ED6EA387A872715 /* Pods_finanzas.framework */,
				14B751908F483FA0A77DC6DD /* Pods_finanzasTests.framework */,
				DBBAEEDDF18E2177D052859C /* Pods_finanzasUITests.framework */,
			);
			name = Frameworks;
			sourceTree = "<group>";
		};
/* End PBXGroup section */

/* Begin PBXHeadersBuildPhase section */
		450C029022F8C825002C930E /* Headers */ = {
			isa = PBXHeadersBuildPhase;
			buildActionMask = 2147483647;
			files = (
				450C02A722F8C825002C930E /* PlatziFinanzasCore.h in Headers */,
			);
			runOnlyForDeploymentPostprocessing = 0;
		};
/* End PBXHeadersBuildPhase section */

/* Begin PBXNativeTarget section */
		450C029422F8C825002C930E /* PlatziFinanzasCore */ = {
			isa = PBXNativeTarget;
			buildConfigurationList = 450C02B022F8C825002C930E /* Build configuration list for PBXNativeTarget "PlatziFinanzasCore" */;
			buildPhases = (
				450C029022F8C825002C930E /* Headers */,
				450C029122F8C825002C930E /* Sources */,
				450C029222F8C825002C930E /* Frameworks */,
				450C029322F8C825002C930E /* Resources */,
			);
			buildRules = (
			);
			dependencies = (
			);
			name = PlatziFinanzasCore;
			productName = PlatziFinanzasCore;
			productReference = 450C029522F8C825002C930E /* PlatziFinanzasCore.framework */;
			productType = "com.apple.product-type.framework";
		};
		450C029C22F8C825002C930E /* PlatziFinanzasCoreTests */ = {
			isa = PBXNativeTarget;
			buildConfigurationList = 450C02B222F8C825002C930E /* Build configuration list for PBXNativeTarget "PlatziFinanzasCoreTests" */;
			buildPhases = (
				450C029922F8C825002C930E /* Sources */,
				450C029A22F8C825002C930E /* Frameworks */,
				450C029B22F8C825002C930E /* Resources */,
			);
			buildRules = (
			);
			dependencies = (
				450C02A022F8C825002C930E /* PBXTargetDependency */,
				450C02A222F8C825002C930E /* PBXTargetDependency */,
			);
			name = PlatziFinanzasCoreTests;
			productName = PlatziFinanzasCoreTests;
			productReference = 450C029D22F8C825002C930E /* PlatziFinanzasCoreTests.xctest */;
			productType = "com.apple.product-type.bundle.unit-test";
		};
		45310EB022DE704500EA215C /* finanzas */ = {
			isa = PBXNativeTarget;
			buildConfigurationList = 45310ED922DE704700EA215C /* Build configuration list for PBXNativeTarget "finanzas" */;
			buildPhases = (
				CAE2D1D94ED2E00EFA17419E /* [CP] Check Pods Manifest.lock */,
				45310EAD22DE704500EA215C /* Sources */,
				45310EAE22DE704500EA215C /* Frameworks */,
				45310EAF22DE704500EA215C /* Resources */,
				61B6E49906CB92C74F2BA460 /* [CP] Embed Pods Frameworks */,
				450C02B122F8C825002C930E /* Embed Frameworks */,
				450C02CF22F8DA44002C930E /* ShellScript */,
				3653B8CE9965F63126E04F5B /* [CP] Copy Pods Resources */,
			);
			buildRules = (
			);
			dependencies = (
				450C02A922F8C825002C930E /* PBXTargetDependency */,
			);
			name = finanzas;
			productName = finanzas;
			productReference = 45310EB122DE704500EA215C /* finanzas.app */;
			productType = "com.apple.product-type.application";
		};
		45310EC422DE704700EA215C /* finanzasTests */ = {
			isa = PBXNativeTarget;
			buildConfigurationList = 45310EDC22DE704700EA215C /* Build configuration list for PBXNativeTarget "finanzasTests" */;
			buildPhases = (
				E16DD57583AB6F2C626A5C6C /* [CP] Check Pods Manifest.lock */,
				45310EC122DE704700EA215C /* Sources */,
				45310EC222DE704700EA215C /* Frameworks */,
				45310EC322DE704700EA215C /* Resources */,
			);
			buildRules = (
			);
			dependencies = (
				45310EC722DE704700EA215C /* PBXTargetDependency */,
			);
			name = finanzasTests;
			productName = finanzasTests;
			productReference = 45310EC522DE704700EA215C /* finanzasTests.xctest */;
			productType = "com.apple.product-type.bundle.unit-test";
		};
		45310ECF22DE704700EA215C /* finanzasUITests */ = {
			isa = PBXNativeTarget;
			buildConfigurationList = 45310EDF22DE704700EA215C /* Build configuration list for PBXNativeTarget "finanzasUITests" */;
			buildPhases = (
				60ACEF458B1C8F9E42C427B8 /* [CP] Check Pods Manifest.lock */,
				45310ECC22DE704700EA215C /* Sources */,
				45310ECD22DE704700EA215C /* Frameworks */,
				45310ECE22DE704700EA215C /* Resources */,
			);
			buildRules = (
			);
			dependencies = (
				45310ED222DE704700EA215C /* PBXTargetDependency */,
			);
			name = finanzasUITests;
			productName = finanzasUITests;
			productReference = 45310ED022DE704700EA215C /* finanzasUITests.xctest */;
			productType = "com.apple.product-type.bundle.ui-testing";
		};
/* End PBXNativeTarget section */

/* Begin PBXProject section */
		45310EA922DE704500EA215C /* Project object */ = {
			isa = PBXProject;
			attributes = {
				LastSwiftUpdateCheck = 1030;
				LastUpgradeCheck = 1020;
				ORGANIZATIONNAME = leolopez;
				TargetAttributes = {
					450C029422F8C825002C930E = {
						CreatedOnToolsVersion = 10.3;
						LastSwiftMigration = 1030;
					};
					450C029C22F8C825002C930E = {
						CreatedOnToolsVersion = 10.3;
						TestTargetID = 45310EB022DE704500EA215C;
					};
					45310EB022DE704500EA215C = {
						CreatedOnToolsVersion = 10.2.1;
					};
					45310EC422DE704700EA215C = {
						CreatedOnToolsVersion = 10.2.1;
						TestTargetID = 45310EB022DE704500EA215C;
					};
					45310ECF22DE704700EA215C = {
						CreatedOnToolsVersion = 10.2.1;
						TestTargetID = 45310EB022DE704500EA215C;
					};
				};
			};
			buildConfigurationList = 45310EAC22DE704500EA215C /* Build configuration list for PBXProject "finanzas" */;
			compatibilityVersion = "Xcode 9.3";
			developmentRegion = en;
			hasScannedForEncodings = 0;
			knownRegions = (
				en,
				Base,
			);
			mainGroup = 45310EA822DE704500EA215C;
			productRefGroup = 45310EB222DE704500EA215C /* Products */;
			projectDirPath = "";
			projectRoot = "";
			targets = (
				45310EB022DE704500EA215C /* finanzas */,
				450C029422F8C825002C930E /* PlatziFinanzasCore */,
				45310EC422DE704700EA215C /* finanzasTests */,
				45310ECF22DE704700EA215C /* finanzasUITests */,
				450C029C22F8C825002C930E /* PlatziFinanzasCoreTests */,
			);
		};
/* End PBXProject section */

/* Begin PBXResourcesBuildPhase section */
		450C029322F8C825002C930E /* Resources */ = {
			isa = PBXResourcesBuildPhase;
			buildActionMask = 2147483647;
			files = (
			);
			runOnlyForDeploymentPostprocessing = 0;
		};
		450C029B22F8C825002C930E /* Resources */ = {
			isa = PBXResourcesBuildPhase;
			buildActionMask = 2147483647;
			files = (
			);
			runOnlyForDeploymentPostprocessing = 0;
		};
		45310EAF22DE704500EA215C /* Resources */ = {
			isa = PBXResourcesBuildPhase;
			buildActionMask = 2147483647;
			files = (
				4517D1BE22E24A8400E742E3 /* OnBoarding.storyboard in Resources */,
				016A68CE22EA5F6900078A4D /* TransactionsCell.xib in Resources */,
				450C02C222F8D885002C930E /* CartFile in Resources */,
				010B336322DECD37000CF058 /* Profile.storyboard in Resources */,
				45310EBF22DE704700EA215C /* LaunchScreen.storyboard in Resources */,
				45310EBC22DE704700EA215C /* Assets.xcassets in Resources */,
				010B336822DECD8F000CF058 /* Budget.storyboard in Resources */,
				45334BA222DFB12F0048BB86 /* SignIn.storyboard in Resources */,
				01C7753822E9423E00CA7771 /* Lottie.storyboard in Resources */,
				45334BA622DFBBE70048BB86 /* Colors.xcassets in Resources */,
				45CB5B8522E6729E00786864 /* EmptyState.xib in Resources */,
				010B336022DECD10000CF058 /* Add.storyboard in Resources */,
				45751FB122FE11D50028CBD3 /* GoogleService-Info.plist in Resources */,
				01C7753C22E945FA00CA7771 /* servishero-loading.json in Resources */,
				45310EBA22DE704500EA215C /* Main.storyboard in Resources */,
				010B336522DECD6D000CF058 /* Statistics.storyboard in Resources */,
				010B335E22DECCB0000CF058 /* Transactions.storyboard in Resources */,
			);
			runOnlyForDeploymentPostprocessing = 0;
		};
		45310EC322DE704700EA215C /* Resources */ = {
			isa = PBXResourcesBuildPhase;
			buildActionMask = 2147483647;
			files = (
			);
			runOnlyForDeploymentPostprocessing = 0;
		};
		45310ECE22DE704700EA215C /* Resources */ = {
			isa = PBXResourcesBuildPhase;
			buildActionMask = 2147483647;
			files = (
			);
			runOnlyForDeploymentPostprocessing = 0;
		};
/* End PBXResourcesBuildPhase section */

/* Begin PBXShellScriptBuildPhase section */
		3653B8CE9965F63126E04F5B /* [CP] Copy Pods Resources */ = {
			isa = PBXShellScriptBuildPhase;
			buildActionMask = 2147483647;
			files = (
			);
			inputFileListPaths = (
				"${PODS_ROOT}/Target Support Files/Pods-finanzas/Pods-finanzas-resources-${CONFIGURATION}-input-files.xcfilelist",
			);
			name = "[CP] Copy Pods Resources";
			outputFileListPaths = (
				"${PODS_ROOT}/Target Support Files/Pods-finanzas/Pods-finanzas-resources-${CONFIGURATION}-output-files.xcfilelist",
			);
			runOnlyForDeploymentPostprocessing = 0;
			shellPath = /bin/sh;
			shellScript = "\"${PODS_ROOT}/Target Support Files/Pods-finanzas/Pods-finanzas-resources.sh\"\n";
			showEnvVarsInLog = 0;
		};
		450C02CF22F8DA44002C930E /* ShellScript */ = {
			isa = PBXShellScriptBuildPhase;
			buildActionMask = 2147483647;
			files = (
			);
			inputFileListPaths = (
			);
			inputPaths = (
			);
			outputFileListPaths = (
			);
			outputPaths = (
				"",
			);
			runOnlyForDeploymentPostprocessing = 0;
			shellPath = /bin/sh;
			shellScript = "/usr/local/bin/carthage copy-frameworks\n";
		};
		60ACEF458B1C8F9E42C427B8 /* [CP] Check Pods Manifest.lock */ = {
			isa = PBXShellScriptBuildPhase;
			buildActionMask = 2147483647;
			files = (
			);
			inputFileListPaths = (
			);
			inputPaths = (
				"${PODS_PODFILE_DIR_PATH}/Podfile.lock",
				"${PODS_ROOT}/Manifest.lock",
			);
			name = "[CP] Check Pods Manifest.lock";
			outputFileListPaths = (
			);
			outputPaths = (
				"$(DERIVED_FILE_DIR)/Pods-finanzasUITests-checkManifestLockResult.txt",
			);
			runOnlyForDeploymentPostprocessing = 0;
			shellPath = /bin/sh;
			shellScript = "diff \"${PODS_PODFILE_DIR_PATH}/Podfile.lock\" \"${PODS_ROOT}/Manifest.lock\" > /dev/null\nif [ $? != 0 ] ; then\n    # print error to STDERR\n    echo \"error: The sandbox is not in sync with the Podfile.lock. Run 'pod install' or update your CocoaPods installation.\" >&2\n    exit 1\nfi\n# This output is used by Xcode 'outputs' to avoid re-running this script phase.\necho \"SUCCESS\" > \"${SCRIPT_OUTPUT_FILE_0}\"\n";
			showEnvVarsInLog = 0;
		};
		61B6E49906CB92C74F2BA460 /* [CP] Embed Pods Frameworks */ = {
			isa = PBXShellScriptBuildPhase;
			buildActionMask = 2147483647;
			files = (
			);
			inputFileListPaths = (
				"${PODS_ROOT}/Target Support Files/Pods-finanzas/Pods-finanzas-frameworks-${CONFIGURATION}-input-files.xcfilelist",
			);
			name = "[CP] Embed Pods Frameworks";
			outputFileListPaths = (
				"${PODS_ROOT}/Target Support Files/Pods-finanzas/Pods-finanzas-frameworks-${CONFIGURATION}-output-files.xcfilelist",
			);
			runOnlyForDeploymentPostprocessing = 0;
			shellPath = /bin/sh;
			shellScript = "\"${PODS_ROOT}/Target Support Files/Pods-finanzas/Pods-finanzas-frameworks.sh\"\n";
			showEnvVarsInLog = 0;
		};
		CAE2D1D94ED2E00EFA17419E /* [CP] Check Pods Manifest.lock */ = {
			isa = PBXShellScriptBuildPhase;
			buildActionMask = 2147483647;
			files = (
			);
			inputFileListPaths = (
			);
			inputPaths = (
				"${PODS_PODFILE_DIR_PATH}/Podfile.lock",
				"${PODS_ROOT}/Manifest.lock",
			);
			name = "[CP] Check Pods Manifest.lock";
			outputFileListPaths = (
			);
			outputPaths = (
				"$(DERIVED_FILE_DIR)/Pods-finanzas-checkManifestLockResult.txt",
			);
			runOnlyForDeploymentPostprocessing = 0;
			shellPath = /bin/sh;
			shellScript = "diff \"${PODS_PODFILE_DIR_PATH}/Podfile.lock\" \"${PODS_ROOT}/Manifest.lock\" > /dev/null\nif [ $? != 0 ] ; then\n    # print error to STDERR\n    echo \"error: The sandbox is not in sync with the Podfile.lock. Run 'pod install' or update your CocoaPods installation.\" >&2\n    exit 1\nfi\n# This output is used by Xcode 'outputs' to avoid re-running this script phase.\necho \"SUCCESS\" > \"${SCRIPT_OUTPUT_FILE_0}\"\n";
			showEnvVarsInLog = 0;
		};
		E16DD57583AB6F2C626A5C6C /* [CP] Check Pods Manifest.lock */ = {
			isa = PBXShellScriptBuildPhase;
			buildActionMask = 2147483647;
			files = (
			);
			inputFileListPaths = (
			);
			inputPaths = (
				"${PODS_PODFILE_DIR_PATH}/Podfile.lock",
				"${PODS_ROOT}/Manifest.lock",
			);
			name = "[CP] Check Pods Manifest.lock";
			outputFileListPaths = (
			);
			outputPaths = (
				"$(DERIVED_FILE_DIR)/Pods-finanzasTests-checkManifestLockResult.txt",
			);
			runOnlyForDeploymentPostprocessing = 0;
			shellPath = /bin/sh;
			shellScript = "diff \"${PODS_PODFILE_DIR_PATH}/Podfile.lock\" \"${PODS_ROOT}/Manifest.lock\" > /dev/null\nif [ $? != 0 ] ; then\n    # print error to STDERR\n    echo \"error: The sandbox is not in sync with the Podfile.lock. Run 'pod install' or update your CocoaPods installation.\" >&2\n    exit 1\nfi\n# This output is used by Xcode 'outputs' to avoid re-running this script phase.\necho \"SUCCESS\" > \"${SCRIPT_OUTPUT_FILE_0}\"\n";
			showEnvVarsInLog = 0;
		};
/* End PBXShellScriptBuildPhase section */

/* Begin PBXSourcesBuildPhase section */
		450C029122F8C825002C930E /* Sources */ = {
			isa = PBXSourcesBuildPhase;
			buildActionMask = 2147483647;
			files = (
				450C02B922F8C9A8002C930E /* Person.swift in Sources */,
				450C02C022F8CA49002C930E /* Debit.swift in Sources */,
				450C02BF22F8CA49002C930E /* Date.swift in Sources */,
				450C02BE22F8CA49002C930E /* Gain.swift in Sources */,
				450C02B722F8C9A8002C930E /* Transaction.swift in Sources */,
				450C02BA22F8C9A8002C930E /* Budget.swift in Sources */,
				450C02B822F8C9A8002C930E /* Account.swift in Sources */,
			);
			runOnlyForDeploymentPostprocessing = 0;
		};
		450C029922F8C825002C930E /* Sources */ = {
			isa = PBXSourcesBuildPhase;
			buildActionMask = 2147483647;
			files = (
				450C02A522F8C825002C930E /* PlatziFinanzasCoreTests.swift in Sources */,
			);
			runOnlyForDeploymentPostprocessing = 0;
		};
		45310EAD22DE704500EA215C /* Sources */ = {
			isa = PBXSourcesBuildPhase;
			buildActionMask = 2147483647;
			files = (
				45751FB322FE147E0028CBD3 /* SignInViewController.swift in Sources */,
				45CB5B8322E659BE00786864 /* TransactionsViewController.swift in Sources */,
				4510DCB122DFC86700483D1C /* Shadow.swift in Sources */,
				4517D1C422E2686B00E742E3 /* OnBoardingStepsViewController.swift in Sources */,
				45310EB722DE704500EA215C /* ViewController.swift in Sources */,
				016A68CC22EA586C00078A4D /* TabBarViewController.swift in Sources */,
				45310EB522DE704500EA215C /* AppDelegate.swift in Sources */,
				01C7753A22E942EE00CA7771 /* LottieViewController.swift in Sources */,
				01D4ADE222FF37B60083C382 /* SignInViewModel.swift in Sources */,
				016A68D022EA610800078A4D /* BudgetViewController.swift in Sources */,
				4517D1C022E2538500E742E3 /* OnBoardingContainerViewController.swift in Sources */,
				4517D1C222E253C300E742E3 /* OnBoardingViewController.swift in Sources */,
			);
			runOnlyForDeploymentPostprocessing = 0;
		};
		45310EC122DE704700EA215C /* Sources */ = {
			isa = PBXSourcesBuildPhase;
			buildActionMask = 2147483647;
			files = (
				45310ECA22DE704700EA215C /* finanzasTests.swift in Sources */,
			);
			runOnlyForDeploymentPostprocessing = 0;
		};
		45310ECC22DE704700EA215C /* Sources */ = {
			isa = PBXSourcesBuildPhase;
			buildActionMask = 2147483647;
			files = (
				45310ED522DE704700EA215C /* finanzasUITests.swift in Sources */,
			);
			runOnlyForDeploymentPostprocessing = 0;
		};
/* End PBXSourcesBuildPhase section */

/* Begin PBXTargetDependency section */
		450C02A022F8C825002C930E /* PBXTargetDependency */ = {
			isa = PBXTargetDependency;
			target = 450C029422F8C825002C930E /* PlatziFinanzasCore */;
			targetProxy = 450C029F22F8C825002C930E /* PBXContainerItemProxy */;
		};
		450C02A222F8C825002C930E /* PBXTargetDependency */ = {
			isa = PBXTargetDependency;
			target = 45310EB022DE704500EA215C /* finanzas */;
			targetProxy = 450C02A122F8C825002C930E /* PBXContainerItemProxy */;
		};
		450C02A922F8C825002C930E /* PBXTargetDependency */ = {
			isa = PBXTargetDependency;
			target = 450C029422F8C825002C930E /* PlatziFinanzasCore */;
			targetProxy = 450C02A822F8C825002C930E /* PBXContainerItemProxy */;
		};
		45310EC722DE704700EA215C /* PBXTargetDependency */ = {
			isa = PBXTargetDependency;
			target = 45310EB022DE704500EA215C /* finanzas */;
			targetProxy = 45310EC622DE704700EA215C /* PBXContainerItemProxy */;
		};
		45310ED222DE704700EA215C /* PBXTargetDependency */ = {
			isa = PBXTargetDependency;
			target = 45310EB022DE704500EA215C /* finanzas */;
			targetProxy = 45310ED122DE704700EA215C /* PBXContainerItemProxy */;
		};
/* End PBXTargetDependency section */

/* Begin PBXVariantGroup section */
		010B335C22DECCB0000CF058 /* Transactions.storyboard */ = {
			isa = PBXVariantGroup;
			children = (
				010B335D22DECCB0000CF058 /* Base */,
			);
			name = Transactions.storyboard;
			sourceTree = "<group>";
		};
		010B336122DECD37000CF058 /* Profile.storyboard */ = {
			isa = PBXVariantGroup;
			children = (
				010B336222DECD37000CF058 /* Base */,
			);
			name = Profile.storyboard;
			sourceTree = "<group>";
		};
		010B336622DECD8F000CF058 /* Budget.storyboard */ = {
			isa = PBXVariantGroup;
			children = (
				010B336722DECD8F000CF058 /* Base */,
			);
			name = Budget.storyboard;
			sourceTree = "<group>";
		};
		45310EB822DE704500EA215C /* Main.storyboard */ = {
			isa = PBXVariantGroup;
			children = (
				45310EB922DE704500EA215C /* Base */,
			);
			name = Main.storyboard;
			sourceTree = "<group>";
		};
		45310EBD22DE704700EA215C /* LaunchScreen.storyboard */ = {
			isa = PBXVariantGroup;
			children = (
				45310EBE22DE704700EA215C /* Base */,
			);
			name = LaunchScreen.storyboard;
			sourceTree = "<group>";
		};
/* End PBXVariantGroup section */

/* Begin XCBuildConfiguration section */
		450C02AC22F8C825002C930E /* Debug */ = {
			isa = XCBuildConfiguration;
			buildSettings = {
				CLANG_ENABLE_MODULES = YES;
				CODE_SIGN_IDENTITY = "";
				CODE_SIGN_STYLE = Automatic;
				CURRENT_PROJECT_VERSION = 1;
				DEFINES_MODULE = YES;
				DYLIB_COMPATIBILITY_VERSION = 1;
				DYLIB_CURRENT_VERSION = 1;
				DYLIB_INSTALL_NAME_BASE = "@rpath";
				INFOPLIST_FILE = PlatziFinanzasCore/Info.plist;
				INSTALL_PATH = "$(LOCAL_LIBRARY_DIR)/Frameworks";
				IPHONEOS_DEPLOYMENT_TARGET = 11.0;
				LD_RUNPATH_SEARCH_PATHS = (
					"$(inherited)",
					"@executable_path/Frameworks",
					"@loader_path/Frameworks",
				);
				PRODUCT_BUNDLE_IDENTIFIER = com.leolopez.PlatziFinanzasCore;
				PRODUCT_NAME = "$(TARGET_NAME:c99extidentifier)";
				SKIP_INSTALL = YES;
				SWIFT_OPTIMIZATION_LEVEL = "-Onone";
				SWIFT_VERSION = 5.0;
				TARGETED_DEVICE_FAMILY = "1,2";
				VERSIONING_SYSTEM = "apple-generic";
				VERSION_INFO_PREFIX = "";
			};
			name = Debug;
		};
		450C02AD22F8C825002C930E /* Release */ = {
			isa = XCBuildConfiguration;
			buildSettings = {
				CLANG_ENABLE_MODULES = YES;
				CODE_SIGN_IDENTITY = "";
				CODE_SIGN_STYLE = Automatic;
				CURRENT_PROJECT_VERSION = 1;
				DEFINES_MODULE = YES;
				DYLIB_COMPATIBILITY_VERSION = 1;
				DYLIB_CURRENT_VERSION = 1;
				DYLIB_INSTALL_NAME_BASE = "@rpath";
				INFOPLIST_FILE = PlatziFinanzasCore/Info.plist;
				INSTALL_PATH = "$(LOCAL_LIBRARY_DIR)/Frameworks";
				IPHONEOS_DEPLOYMENT_TARGET = 11.0;
				LD_RUNPATH_SEARCH_PATHS = (
					"$(inherited)",
					"@executable_path/Frameworks",
					"@loader_path/Frameworks",
				);
				PRODUCT_BUNDLE_IDENTIFIER = com.leolopez.PlatziFinanzasCore;
				PRODUCT_NAME = "$(TARGET_NAME:c99extidentifier)";
				SKIP_INSTALL = YES;
				SWIFT_VERSION = 5.0;
				TARGETED_DEVICE_FAMILY = "1,2";
				VERSIONING_SYSTEM = "apple-generic";
				VERSION_INFO_PREFIX = "";
			};
			name = Release;
		};
		450C02AE22F8C825002C930E /* Debug */ = {
			isa = XCBuildConfiguration;
			buildSettings = {
				ALWAYS_EMBED_SWIFT_STANDARD_LIBRARIES = YES;
				CODE_SIGN_STYLE = Automatic;
				INFOPLIST_FILE = PlatziFinanzasCoreTests/Info.plist;
				IPHONEOS_DEPLOYMENT_TARGET = 12.4;
				LD_RUNPATH_SEARCH_PATHS = (
					"$(inherited)",
					"@executable_path/Frameworks",
					"@loader_path/Frameworks",
				);
				PRODUCT_BUNDLE_IDENTIFIER = com.leolopez.PlatziFinanzasCoreTests;
				PRODUCT_NAME = "$(TARGET_NAME)";
				SWIFT_VERSION = 5.0;
				TARGETED_DEVICE_FAMILY = "1,2";
				TEST_HOST = "$(BUILT_PRODUCTS_DIR)/finanzas.app/finanzas";
			};
			name = Debug;
		};
		450C02AF22F8C825002C930E /* Release */ = {
			isa = XCBuildConfiguration;
			buildSettings = {
				ALWAYS_EMBED_SWIFT_STANDARD_LIBRARIES = YES;
				CODE_SIGN_STYLE = Automatic;
				INFOPLIST_FILE = PlatziFinanzasCoreTests/Info.plist;
				IPHONEOS_DEPLOYMENT_TARGET = 12.4;
				LD_RUNPATH_SEARCH_PATHS = (
					"$(inherited)",
					"@executable_path/Frameworks",
					"@loader_path/Frameworks",
				);
				PRODUCT_BUNDLE_IDENTIFIER = com.leolopez.PlatziFinanzasCoreTests;
				PRODUCT_NAME = "$(TARGET_NAME)";
				SWIFT_VERSION = 5.0;
				TARGETED_DEVICE_FAMILY = "1,2";
				TEST_HOST = "$(BUILT_PRODUCTS_DIR)/finanzas.app/finanzas";
			};
			name = Release;
		};
		45310ED722DE704700EA215C /* Debug */ = {
			isa = XCBuildConfiguration;
			buildSettings = {
				ALWAYS_SEARCH_USER_PATHS = NO;
				CLANG_ANALYZER_NONNULL = YES;
				CLANG_ANALYZER_NUMBER_OBJECT_CONVERSION = YES_AGGRESSIVE;
				CLANG_CXX_LANGUAGE_STANDARD = "gnu++14";
				CLANG_CXX_LIBRARY = "libc++";
				CLANG_ENABLE_MODULES = YES;
				CLANG_ENABLE_OBJC_ARC = YES;
				CLANG_ENABLE_OBJC_WEAK = YES;
				CLANG_WARN_BLOCK_CAPTURE_AUTORELEASING = YES;
				CLANG_WARN_BOOL_CONVERSION = YES;
				CLANG_WARN_COMMA = YES;
				CLANG_WARN_CONSTANT_CONVERSION = YES;
				CLANG_WARN_DEPRECATED_OBJC_IMPLEMENTATIONS = YES;
				CLANG_WARN_DIRECT_OBJC_ISA_USAGE = YES_ERROR;
				CLANG_WARN_DOCUMENTATION_COMMENTS = YES;
				CLANG_WARN_EMPTY_BODY = YES;
				CLANG_WARN_ENUM_CONVERSION = YES;
				CLANG_WARN_INFINITE_RECURSION = YES;
				CLANG_WARN_INT_CONVERSION = YES;
				CLANG_WARN_NON_LITERAL_NULL_CONVERSION = YES;
				CLANG_WARN_OBJC_IMPLICIT_RETAIN_SELF = YES;
				CLANG_WARN_OBJC_LITERAL_CONVERSION = YES;
				CLANG_WARN_OBJC_ROOT_CLASS = YES_ERROR;
				CLANG_WARN_RANGE_LOOP_ANALYSIS = YES;
				CLANG_WARN_STRICT_PROTOTYPES = YES;
				CLANG_WARN_SUSPICIOUS_MOVE = YES;
				CLANG_WARN_UNGUARDED_AVAILABILITY = YES_AGGRESSIVE;
				CLANG_WARN_UNREACHABLE_CODE = YES;
				CLANG_WARN__DUPLICATE_METHOD_MATCH = YES;
				CODE_SIGN_IDENTITY = "iPhone Developer";
				COPY_PHASE_STRIP = NO;
				DEBUG_INFORMATION_FORMAT = dwarf;
				ENABLE_STRICT_OBJC_MSGSEND = YES;
				ENABLE_TESTABILITY = YES;
				GCC_C_LANGUAGE_STANDARD = gnu11;
				GCC_DYNAMIC_NO_PIC = NO;
				GCC_NO_COMMON_BLOCKS = YES;
				GCC_OPTIMIZATION_LEVEL = 0;
				GCC_PREPROCESSOR_DEFINITIONS = (
					"DEBUG=1",
					"$(inherited)",
				);
				GCC_WARN_64_TO_32_BIT_CONVERSION = YES;
				GCC_WARN_ABOUT_RETURN_TYPE = YES_ERROR;
				GCC_WARN_UNDECLARED_SELECTOR = YES;
				GCC_WARN_UNINITIALIZED_AUTOS = YES_AGGRESSIVE;
				GCC_WARN_UNUSED_FUNCTION = YES;
				GCC_WARN_UNUSED_VARIABLE = YES;
				IPHONEOS_DEPLOYMENT_TARGET = 12.2;
				MTL_ENABLE_DEBUG_INFO = INCLUDE_SOURCE;
				MTL_FAST_MATH = YES;
				ONLY_ACTIVE_ARCH = YES;
				SDKROOT = iphoneos;
				SWIFT_ACTIVE_COMPILATION_CONDITIONS = DEBUG;
				SWIFT_OPTIMIZATION_LEVEL = "-Onone";
			};
			name = Debug;
		};
		45310ED822DE704700EA215C /* Release */ = {
			isa = XCBuildConfiguration;
			buildSettings = {
				ALWAYS_SEARCH_USER_PATHS = NO;
				CLANG_ANALYZER_NONNULL = YES;
				CLANG_ANALYZER_NUMBER_OBJECT_CONVERSION = YES_AGGRESSIVE;
				CLANG_CXX_LANGUAGE_STANDARD = "gnu++14";
				CLANG_CXX_LIBRARY = "libc++";
				CLANG_ENABLE_MODULES = YES;
				CLANG_ENABLE_OBJC_ARC = YES;
				CLANG_ENABLE_OBJC_WEAK = YES;
				CLANG_WARN_BLOCK_CAPTURE_AUTORELEASING = YES;
				CLANG_WARN_BOOL_CONVERSION = YES;
				CLANG_WARN_COMMA = YES;
				CLANG_WARN_CONSTANT_CONVERSION = YES;
				CLANG_WARN_DEPRECATED_OBJC_IMPLEMENTATIONS = YES;
				CLANG_WARN_DIRECT_OBJC_ISA_USAGE = YES_ERROR;
				CLANG_WARN_DOCUMENTATION_COMMENTS = YES;
				CLANG_WARN_EMPTY_BODY = YES;
				CLANG_WARN_ENUM_CONVERSION = YES;
				CLANG_WARN_INFINITE_RECURSION = YES;
				CLANG_WARN_INT_CONVERSION = YES;
				CLANG_WARN_NON_LITERAL_NULL_CONVERSION = YES;
				CLANG_WARN_OBJC_IMPLICIT_RETAIN_SELF = YES;
				CLANG_WARN_OBJC_LITERAL_CONVERSION = YES;
				CLANG_WARN_OBJC_ROOT_CLASS = YES_ERROR;
				CLANG_WARN_RANGE_LOOP_ANALYSIS = YES;
				CLANG_WARN_STRICT_PROTOTYPES = YES;
				CLANG_WARN_SUSPICIOUS_MOVE = YES;
				CLANG_WARN_UNGUARDED_AVAILABILITY = YES_AGGRESSIVE;
				CLANG_WARN_UNREACHABLE_CODE = YES;
				CLANG_WARN__DUPLICATE_METHOD_MATCH = YES;
				CODE_SIGN_IDENTITY = "iPhone Developer";
				COPY_PHASE_STRIP = NO;
				DEBUG_INFORMATION_FORMAT = "dwarf-with-dsym";
				ENABLE_NS_ASSERTIONS = NO;
				ENABLE_STRICT_OBJC_MSGSEND = YES;
				GCC_C_LANGUAGE_STANDARD = gnu11;
				GCC_NO_COMMON_BLOCKS = YES;
				GCC_WARN_64_TO_32_BIT_CONVERSION = YES;
				GCC_WARN_ABOUT_RETURN_TYPE = YES_ERROR;
				GCC_WARN_UNDECLARED_SELECTOR = YES;
				GCC_WARN_UNINITIALIZED_AUTOS = YES_AGGRESSIVE;
				GCC_WARN_UNUSED_FUNCTION = YES;
				GCC_WARN_UNUSED_VARIABLE = YES;
				IPHONEOS_DEPLOYMENT_TARGET = 12.2;
				MTL_ENABLE_DEBUG_INFO = NO;
				MTL_FAST_MATH = YES;
				SDKROOT = iphoneos;
				SWIFT_COMPILATION_MODE = wholemodule;
				SWIFT_OPTIMIZATION_LEVEL = "-O";
				VALIDATE_PRODUCT = YES;
			};
			name = Release;
		};
		45310EDA22DE704700EA215C /* Debug */ = {
			isa = XCBuildConfiguration;
			baseConfigurationReference = 042D77E2B3E5441BF05B6545 /* Pods-finanzas.debug.xcconfig */;
			buildSettings = {
				ALWAYS_EMBED_SWIFT_STANDARD_LIBRARIES = YES;
				ASSETCATALOG_COMPILER_APPICON_NAME = AppIcon;
				CODE_SIGN_STYLE = Automatic;
				FRAMEWORK_SEARCH_PATHS = (
					"$(inherited)",
					"$(PROJECT_DIR)/Carthage/Build/iOS",
				);
				INFOPLIST_FILE = "$(SRCROOT)/finanzas/Base/Info.plist";
				IPHONEOS_DEPLOYMENT_TARGET = 11.0;
				LD_RUNPATH_SEARCH_PATHS = (
					"$(inherited)",
					"@executable_path/Frameworks",
				);
				PRODUCT_BUNDLE_IDENTIFIER = com.leolopez.finanzas;
				PRODUCT_NAME = "$(TARGET_NAME)";
				SWIFT_VERSION = 5.0;
				TARGETED_DEVICE_FAMILY = 1;
			};
			name = Debug;
		};
		45310EDB22DE704700EA215C /* Release */ = {
			isa = XCBuildConfiguration;
			baseConfigurationReference = DFAA58D29D96D4184B8B2E97 /* Pods-finanzas.release.xcconfig */;
			buildSettings = {
				ALWAYS_EMBED_SWIFT_STANDARD_LIBRARIES = YES;
				ASSETCATALOG_COMPILER_APPICON_NAME = AppIcon;
				CODE_SIGN_STYLE = Automatic;
				FRAMEWORK_SEARCH_PATHS = (
					"$(inherited)",
					"$(PROJECT_DIR)/Carthage/Build/iOS",
				);
				INFOPLIST_FILE = "$(SRCROOT)/finanzas/Base/Info.plist";
				IPHONEOS_DEPLOYMENT_TARGET = 11.0;
				LD_RUNPATH_SEARCH_PATHS = (
					"$(inherited)",
					"@executable_path/Frameworks",
				);
				PRODUCT_BUNDLE_IDENTIFIER = com.leolopez.finanzas;
				PRODUCT_NAME = "$(TARGET_NAME)";
				SWIFT_VERSION = 5.0;
				TARGETED_DEVICE_FAMILY = 1;
			};
			name = Release;
		};
		45310EDD22DE704700EA215C /* Debug */ = {
			isa = XCBuildConfiguration;
			baseConfigurationReference = C526208EC709F327B6460C82 /* Pods-finanzasTests.debug.xcconfig */;
			buildSettings = {
				ALWAYS_EMBED_SWIFT_STANDARD_LIBRARIES = YES;
				BUNDLE_LOADER = "$(TEST_HOST)";
				CODE_SIGN_STYLE = Automatic;
				INFOPLIST_FILE = finanzasTests/Info.plist;
				LD_RUNPATH_SEARCH_PATHS = (
					"$(inherited)",
					"@executable_path/Frameworks",
					"@loader_path/Frameworks",
				);
				PRODUCT_BUNDLE_IDENTIFIER = com.leolopez.finanzasTests;
				PRODUCT_NAME = "$(TARGET_NAME)";
				SWIFT_VERSION = 5.0;
				TARGETED_DEVICE_FAMILY = "1,2";
				TEST_HOST = "$(BUILT_PRODUCTS_DIR)/finanzas.app/finanzas";
			};
			name = Debug;
		};
		45310EDE22DE704700EA215C /* Release */ = {
			isa = XCBuildConfiguration;
			baseConfigurationReference = B1A31D95811BFF066140713A /* Pods-finanzasTests.release.xcconfig */;
			buildSettings = {
				ALWAYS_EMBED_SWIFT_STANDARD_LIBRARIES = YES;
				BUNDLE_LOADER = "$(TEST_HOST)";
				CODE_SIGN_STYLE = Automatic;
				INFOPLIST_FILE = finanzasTests/Info.plist;
				LD_RUNPATH_SEARCH_PATHS = (
					"$(inherited)",
					"@executable_path/Frameworks",
					"@loader_path/Frameworks",
				);
				PRODUCT_BUNDLE_IDENTIFIER = com.leolopez.finanzasTests;
				PRODUCT_NAME = "$(TARGET_NAME)";
				SWIFT_VERSION = 5.0;
				TARGETED_DEVICE_FAMILY = "1,2";
				TEST_HOST = "$(BUILT_PRODUCTS_DIR)/finanzas.app/finanzas";
			};
			name = Release;
		};
		45310EE022DE704700EA215C /* Debug */ = {
			isa = XCBuildConfiguration;
			baseConfigurationReference = D6C41B618ED353613A9A2131 /* Pods-finanzasUITests.debug.xcconfig */;
			buildSettings = {
				ALWAYS_EMBED_SWIFT_STANDARD_LIBRARIES = YES;
				CODE_SIGN_STYLE = Automatic;
				INFOPLIST_FILE = finanzasUITests/Info.plist;
				LD_RUNPATH_SEARCH_PATHS = (
					"$(inherited)",
					"@executable_path/Frameworks",
					"@loader_path/Frameworks",
				);
				PRODUCT_BUNDLE_IDENTIFIER = com.leolopez.finanzasUITests;
				PRODUCT_NAME = "$(TARGET_NAME)";
				SWIFT_VERSION = 5.0;
				TARGETED_DEVICE_FAMILY = "1,2";
				TEST_TARGET_NAME = finanzas;
			};
			name = Debug;
		};
		45310EE122DE704700EA215C /* Release */ = {
			isa = XCBuildConfiguration;
			baseConfigurationReference = 723F883C41261C9B479819AF /* Pods-finanzasUITests.release.xcconfig */;
			buildSettings = {
				ALWAYS_EMBED_SWIFT_STANDARD_LIBRARIES = YES;
				CODE_SIGN_STYLE = Automatic;
				INFOPLIST_FILE = finanzasUITests/Info.plist;
				LD_RUNPATH_SEARCH_PATHS = (
					"$(inherited)",
					"@executable_path/Frameworks",
					"@loader_path/Frameworks",
				);
				PRODUCT_BUNDLE_IDENTIFIER = com.leolopez.finanzasUITests;
				PRODUCT_NAME = "$(TARGET_NAME)";
				SWIFT_VERSION = 5.0;
				TARGETED_DEVICE_FAMILY = "1,2";
				TEST_TARGET_NAME = finanzas;
			};
			name = Release;
		};
/* End XCBuildConfiguration section */

/* Begin XCConfigurationList section */
		450C02B022F8C825002C930E /* Build configuration list for PBXNativeTarget "PlatziFinanzasCore" */ = {
			isa = XCConfigurationList;
			buildConfigurations = (
				450C02AC22F8C825002C930E /* Debug */,
				450C02AD22F8C825002C930E /* Release */,
			);
			defaultConfigurationIsVisible = 0;
			defaultConfigurationName = Release;
		};
		450C02B222F8C825002C930E /* Build configuration list for PBXNativeTarget "PlatziFinanzasCoreTests" */ = {
			isa = XCConfigurationList;
			buildConfigurations = (
				450C02AE22F8C825002C930E /* Debug */,
				450C02AF22F8C825002C930E /* Release */,
			);
			defaultConfigurationIsVisible = 0;
			defaultConfigurationName = Release;
		};
		45310EAC22DE704500EA215C /* Build configuration list for PBXProject "finanzas" */ = {
			isa = XCConfigurationList;
			buildConfigurations = (
				45310ED722DE704700EA215C /* Debug */,
				45310ED822DE704700EA215C /* Release */,
			);
			defaultConfigurationIsVisible = 0;
			defaultConfigurationName = Release;
		};
		45310ED922DE704700EA215C /* Build configuration list for PBXNativeTarget "finanzas" */ = {
			isa = XCConfigurationList;
			buildConfigurations = (
				45310EDA22DE704700EA215C /* Debug */,
				45310EDB22DE704700EA215C /* Release */,
			);
			defaultConfigurationIsVisible = 0;
			defaultConfigurationName = Release;
		};
		45310EDC22DE704700EA215C /* Build configuration list for PBXNativeTarget "finanzasTests" */ = {
			isa = XCConfigurationList;
			buildConfigurations = (
				45310EDD22DE704700EA215C /* Debug */,
				45310EDE22DE704700EA215C /* Release */,
			);
			defaultConfigurationIsVisible = 0;
			defaultConfigurationName = Release;
		};
		45310EDF22DE704700EA215C /* Build configuration list for PBXNativeTarget "finanzasUITests" */ = {
			isa = XCConfigurationList;
			buildConfigurations = (
				45310EE022DE704700EA215C /* Debug */,
				45310EE122DE704700EA215C /* Release */,
			);
			defaultConfigurationIsVisible = 0;
			defaultConfigurationName = Release;
		};
/* End XCConfigurationList section */
	};
	rootObject = 45310EA922DE704500EA215C /* Project object */;
}
